// !$*UTF8*$!
{
	archiveVersion = 1;
	classes = {
	};
	objectVersion = 50;
	objects = {

/* Begin PBXBuildFile section */
		7B97399C20C9FFBE00ACF883 /* GitHubBridgeTests.swift in Sources */ = {isa = PBXBuildFile; fileRef = 7BA7C13820C9479E00C210B5 /* GitHubBridgeTests.swift */; };
		7BA6F5CB20C94BE400C21A36 /* BMO.framework in Frameworks */ = {isa = PBXBuildFile; fileRef = 7BA6F57A20C94BCB00C21A36 /* BMO.framework */; };
		7BA6F5CD20C94C0200C21A36 /* RESTUtils.framework in Frameworks */ = {isa = PBXBuildFile; fileRef = 7BA6F58820C94BCB00C21A36 /* RESTUtils.framework */; };
		7BA6F5CE20C94C2500C21A36 /* BMO_CoreData.framework in Frameworks */ = {isa = PBXBuildFile; fileRef = 7BA6F5A420C94BCB00C21A36 /* BMO_CoreData.framework */; };
		7BA6F5CF20C94C3000C21A36 /* BMO_RESTCoreData.framework in Frameworks */ = {isa = PBXBuildFile; fileRef = 7BA6F5B220C94BCB00C21A36 /* BMO_RESTCoreData.framework */; };
		7BA6F5D020C94C6B00C21A36 /* BMO.framework in Frameworks */ = {isa = PBXBuildFile; fileRef = 7BA6F57620C94BCB00C21A36 /* BMO.framework */; };
		7BA6F5D120C94C8400C21A36 /* BMO_CoreData.framework in Frameworks */ = {isa = PBXBuildFile; fileRef = 7BA6F5A020C94BCB00C21A36 /* BMO_CoreData.framework */; };
		7BA6F5D220C94C8700C21A36 /* BMO_RESTCoreData.framework in Frameworks */ = {isa = PBXBuildFile; fileRef = 7BA6F5AE20C94BCB00C21A36 /* BMO_RESTCoreData.framework */; };
		7BA6F5D320C94C8B00C21A36 /* RESTUtils.framework in Frameworks */ = {isa = PBXBuildFile; fileRef = 7BA6F58420C94BCB00C21A36 /* RESTUtils.framework */; };
		7BA6F62120C94F2000C21A36 /* GitHub.xcdatamodeld in Sources */ = {isa = PBXBuildFile; fileRef = 7BA6F61F20C94F2000C21A36 /* GitHub.xcdatamodeld */; };
		7BA6F62220C94F2000C21A36 /* GitHub.xcdatamodeld in Sources */ = {isa = PBXBuildFile; fileRef = 7BA6F61F20C94F2000C21A36 /* GitHub.xcdatamodeld */; };
		7BA6F62420C95CC700C21A36 /* Color.swift in Sources */ = {isa = PBXBuildFile; fileRef = 7BA6F62320C95CC700C21A36 /* Color.swift */; };
		7BA6F62520C95CC700C21A36 /* Color.swift in Sources */ = {isa = PBXBuildFile; fileRef = 7BA6F62320C95CC700C21A36 /* Color.swift */; };
		7BA6F63420C96B7500C21A36 /* GitHubTransformers.swift in Sources */ = {isa = PBXBuildFile; fileRef = 7BA6F63320C96B7500C21A36 /* GitHubTransformers.swift */; };
		7BA6F63520C96B7500C21A36 /* GitHubTransformers.swift in Sources */ = {isa = PBXBuildFile; fileRef = 7BA6F63320C96B7500C21A36 /* GitHubTransformers.swift */; };
		7BA7C13420C9479E00C210B5 /* GitHubBridge.framework in Frameworks */ = {isa = PBXBuildFile; fileRef = 7BA7C12A20C9479E00C210B5 /* GitHubBridge.framework */; };
		7BA7C13920C9479E00C210B5 /* GitHubBridgeTests.swift in Sources */ = {isa = PBXBuildFile; fileRef = 7BA7C13820C9479E00C210B5 /* GitHubBridgeTests.swift */; };
		7BE7F21820C9A7C8006DED14 /* GitHubBMOOperation.swift in Sources */ = {isa = PBXBuildFile; fileRef = 7BE7F1E420C9A7C8006DED14 /* GitHubBMOOperation.swift */; };
		7BE7F21920C9A7C8006DED14 /* GitHubBMOOperation.swift in Sources */ = {isa = PBXBuildFile; fileRef = 7BE7F1E420C9A7C8006DED14 /* GitHubBMOOperation.swift */; };
		7BE7F23320C9A81A006DED14 /* Alamofire.framework in Frameworks */ = {isa = PBXBuildFile; fileRef = 7BE7F22620C9A806006DED14 /* Alamofire.framework */; };
		7BE7F23420C9A823006DED14 /* Alamofire.framework in Frameworks */ = {isa = PBXBuildFile; fileRef = 7BE7F22A20C9A806006DED14 /* Alamofire.framework */; };
		7BE7F23520C9A83A006DED14 /* RetryingOperation.framework in Frameworks */ = {isa = PBXBuildFile; fileRef = 7BA6F61220C94CC500C21A36 /* RetryingOperation.framework */; };
		7BE7F23620C9A840006DED14 /* RetryingOperation.framework in Frameworks */ = {isa = PBXBuildFile; fileRef = 7BA6F61620C94CC500C21A36 /* RetryingOperation.framework */; };
		7BEFD1C220C9483B00FDA05F /* GitHubBridge.framework in Frameworks */ = {isa = PBXBuildFile; fileRef = 7BEFD1B920C9483B00FDA05F /* GitHubBridge.framework */; };
		7BEFD1D120C948A500FDA05F /* GitHubBMOBridge.swift in Sources */ = {isa = PBXBuildFile; fileRef = 7BEFD1D020C948A500FDA05F /* GitHubBMOBridge.swift */; };
		7BEFD1D220C948A500FDA05F /* GitHubBMOBridge.swift in Sources */ = {isa = PBXBuildFile; fileRef = 7BEFD1D020C948A500FDA05F /* GitHubBMOBridge.swift */; };
/* End PBXBuildFile section */

/* Begin PBXContainerItemProxy section */
		7BA6F57520C94BCB00C21A36 /* PBXContainerItemProxy */ = {
			isa = PBXContainerItemProxy;
			containerPortal = 7BA6F54320C94BCB00C21A36 /* BMO.xcodeproj */;
			proxyType = 2;
			remoteGlobalIDString = 7B8BD01A20026E8C009BE667;
			remoteInfo = "BMO-macOS";
		};
		7BA6F57720C94BCB00C21A36 /* PBXContainerItemProxy */ = {
			isa = PBXContainerItemProxy;
			containerPortal = 7BA6F54320C94BCB00C21A36 /* BMO.xcodeproj */;
			proxyType = 2;
			remoteGlobalIDString = 7B7A34BF20027B4600348DF4;
			remoteInfo = "BMO-tvOS";
		};
		7BA6F57920C94BCB00C21A36 /* PBXContainerItemProxy */ = {
			isa = PBXContainerItemProxy;
			containerPortal = 7BA6F54320C94BCB00C21A36 /* BMO.xcodeproj */;
			proxyType = 2;
			remoteGlobalIDString = 7BC696D52002775C007BC3E9;
			remoteInfo = "BMO-iOS";
		};
		7BA6F57B20C94BCB00C21A36 /* PBXContainerItemProxy */ = {
			isa = PBXContainerItemProxy;
			containerPortal = 7BA6F54320C94BCB00C21A36 /* BMO.xcodeproj */;
			proxyType = 2;
			remoteGlobalIDString = 7BB52E43200279EA007CAD7B;
			remoteInfo = "BMO-watchOS";
		};
		7BA6F57D20C94BCB00C21A36 /* PBXContainerItemProxy */ = {
			isa = PBXContainerItemProxy;
			containerPortal = 7BA6F54320C94BCB00C21A36 /* BMO.xcodeproj */;
			proxyType = 2;
			remoteGlobalIDString = 7B8BD02220026E8C009BE667;
			remoteInfo = "BMO-macOSTests";
		};
		7BA6F57F20C94BCB00C21A36 /* PBXContainerItemProxy */ = {
			isa = PBXContainerItemProxy;
			containerPortal = 7BA6F54320C94BCB00C21A36 /* BMO.xcodeproj */;
			proxyType = 2;
			remoteGlobalIDString = 7B7A34C720027B4700348DF4;
			remoteInfo = "BMO-tvOSTests";
		};
		7BA6F58120C94BCB00C21A36 /* PBXContainerItemProxy */ = {
			isa = PBXContainerItemProxy;
			containerPortal = 7BA6F54320C94BCB00C21A36 /* BMO.xcodeproj */;
			proxyType = 2;
			remoteGlobalIDString = 7BC696DD2002775C007BC3E9;
			remoteInfo = "BMO-iOSTests";
		};
		7BA6F58320C94BCB00C21A36 /* PBXContainerItemProxy */ = {
			isa = PBXContainerItemProxy;
			containerPortal = 7BA6F54320C94BCB00C21A36 /* BMO.xcodeproj */;
			proxyType = 2;
			remoteGlobalIDString = 7B8332712019296C005184FE;
			remoteInfo = "RESTUtils-macOS";
		};
		7BA6F58520C94BCB00C21A36 /* PBXContainerItemProxy */ = {
			isa = PBXContainerItemProxy;
			containerPortal = 7BA6F54320C94BCB00C21A36 /* BMO.xcodeproj */;
			proxyType = 2;
			remoteGlobalIDString = 7B5161D5201FBDAB00B94FB3;
			remoteInfo = "RESTUtils-tvOS";
		};
		7BA6F58720C94BCB00C21A36 /* PBXContainerItemProxy */ = {
			isa = PBXContainerItemProxy;
			containerPortal = 7BA6F54320C94BCB00C21A36 /* BMO.xcodeproj */;
			proxyType = 2;
			remoteGlobalIDString = 7B5161F1201FBDBE00B94FB3;
			remoteInfo = "RESTUtils-iOS";
		};
		7BA6F58920C94BCB00C21A36 /* PBXContainerItemProxy */ = {
			isa = PBXContainerItemProxy;
			containerPortal = 7BA6F54320C94BCB00C21A36 /* BMO.xcodeproj */;
			proxyType = 2;
			remoteGlobalIDString = 7B51620D201FBDD200B94FB3;
			remoteInfo = "RESTUtils-watchOS";
		};
		7BA6F58B20C94BCB00C21A36 /* PBXContainerItemProxy */ = {
			isa = PBXContainerItemProxy;
			containerPortal = 7BA6F54320C94BCB00C21A36 /* BMO.xcodeproj */;
			proxyType = 2;
			remoteGlobalIDString = 7B8332792019296C005184FE;
			remoteInfo = "RESTUtils-macOSTests";
		};
		7BA6F58D20C94BCB00C21A36 /* PBXContainerItemProxy */ = {
			isa = PBXContainerItemProxy;
			containerPortal = 7BA6F54320C94BCB00C21A36 /* BMO.xcodeproj */;
			proxyType = 2;
			remoteGlobalIDString = 7B5161DD201FBDAB00B94FB3;
			remoteInfo = "RESTUtils-tvOSTests";
		};
		7BA6F58F20C94BCB00C21A36 /* PBXContainerItemProxy */ = {
			isa = PBXContainerItemProxy;
			containerPortal = 7BA6F54320C94BCB00C21A36 /* BMO.xcodeproj */;
			proxyType = 2;
			remoteGlobalIDString = 7B5161F9201FBDBE00B94FB3;
			remoteInfo = "RESTUtils-iOSTests";
		};
		7BA6F59120C94BCB00C21A36 /* PBXContainerItemProxy */ = {
			isa = PBXContainerItemProxy;
			containerPortal = 7BA6F54320C94BCB00C21A36 /* BMO.xcodeproj */;
			proxyType = 2;
			remoteGlobalIDString = 7B817EF92019158200625427;
			remoteInfo = "BMO+FastImportRepresentation-macOS";
		};
		7BA6F59320C94BCB00C21A36 /* PBXContainerItemProxy */ = {
			isa = PBXContainerItemProxy;
			containerPortal = 7BA6F54320C94BCB00C21A36 /* BMO.xcodeproj */;
			proxyType = 2;
			remoteGlobalIDString = 7B516182201FBB1A00B94FB3;
			remoteInfo = "BMO+FastImportRepresentation-tvOS";
		};
		7BA6F59520C94BCB00C21A36 /* PBXContainerItemProxy */ = {
			isa = PBXContainerItemProxy;
			containerPortal = 7BA6F54320C94BCB00C21A36 /* BMO.xcodeproj */;
			proxyType = 2;
			remoteGlobalIDString = 7B5161A2201FBC2200B94FB3;
			remoteInfo = "BMO+FastImportRepresentation-iOS";
		};
		7BA6F59720C94BCB00C21A36 /* PBXContainerItemProxy */ = {
			isa = PBXContainerItemProxy;
			containerPortal = 7BA6F54320C94BCB00C21A36 /* BMO.xcodeproj */;
			proxyType = 2;
			remoteGlobalIDString = 7B5161C2201FBCEF00B94FB3;
			remoteInfo = "BMO+FastImportRepresentation-watchOS";
		};
		7BA6F59920C94BCB00C21A36 /* PBXContainerItemProxy */ = {
			isa = PBXContainerItemProxy;
			containerPortal = 7BA6F54320C94BCB00C21A36 /* BMO.xcodeproj */;
			proxyType = 2;
			remoteGlobalIDString = 7B817F012019158200625427;
			remoteInfo = "BMO+FastImportRepresentation-macOSTests";
		};
		7BA6F59B20C94BCB00C21A36 /* PBXContainerItemProxy */ = {
			isa = PBXContainerItemProxy;
			containerPortal = 7BA6F54320C94BCB00C21A36 /* BMO.xcodeproj */;
			proxyType = 2;
			remoteGlobalIDString = 7B51618A201FBB1A00B94FB3;
			remoteInfo = "BMO+FastImportRepresentation-tvOSTests";
		};
		7BA6F59D20C94BCB00C21A36 /* PBXContainerItemProxy */ = {
			isa = PBXContainerItemProxy;
			containerPortal = 7BA6F54320C94BCB00C21A36 /* BMO.xcodeproj */;
			proxyType = 2;
			remoteGlobalIDString = 7B5161AA201FBC2300B94FB3;
			remoteInfo = "BMO+FastImportRepresentation-iOSTests";
		};
		7BA6F59F20C94BCB00C21A36 /* PBXContainerItemProxy */ = {
			isa = PBXContainerItemProxy;
			containerPortal = 7BA6F54320C94BCB00C21A36 /* BMO.xcodeproj */;
			proxyType = 2;
			remoteGlobalIDString = 7B8332492019274B005184FE;
			remoteInfo = "BMO+CoreData-macOS";
		};
		7BA6F5A120C94BCB00C21A36 /* PBXContainerItemProxy */ = {
			isa = PBXContainerItemProxy;
			containerPortal = 7BA6F54320C94BCB00C21A36 /* BMO.xcodeproj */;
			proxyType = 2;
			remoteGlobalIDString = 7B51621A201FBDF000B94FB3;
			remoteInfo = "BMO+CoreData-tvOS";
		};
		7BA6F5A320C94BCB00C21A36 /* PBXContainerItemProxy */ = {
			isa = PBXContainerItemProxy;
			containerPortal = 7BA6F54320C94BCB00C21A36 /* BMO.xcodeproj */;
			proxyType = 2;
			remoteGlobalIDString = 7B516236201FBDFE00B94FB3;
			remoteInfo = "BMO+CoreData-iOS";
		};
		7BA6F5A520C94BCB00C21A36 /* PBXContainerItemProxy */ = {
			isa = PBXContainerItemProxy;
			containerPortal = 7BA6F54320C94BCB00C21A36 /* BMO.xcodeproj */;
			proxyType = 2;
			remoteGlobalIDString = 7B516252201FBE0C00B94FB3;
			remoteInfo = "BMO+CoreData-watchOS";
		};
		7BA6F5A720C94BCB00C21A36 /* PBXContainerItemProxy */ = {
			isa = PBXContainerItemProxy;
			containerPortal = 7BA6F54320C94BCB00C21A36 /* BMO.xcodeproj */;
			proxyType = 2;
			remoteGlobalIDString = 7B8332512019274B005184FE;
			remoteInfo = "BMO+CoreData-macOSTests";
		};
		7BA6F5A920C94BCB00C21A36 /* PBXContainerItemProxy */ = {
			isa = PBXContainerItemProxy;
			containerPortal = 7BA6F54320C94BCB00C21A36 /* BMO.xcodeproj */;
			proxyType = 2;
			remoteGlobalIDString = 7B516222201FBDF000B94FB3;
			remoteInfo = "BMO+CoreData-tvOSTests";
		};
		7BA6F5AB20C94BCB00C21A36 /* PBXContainerItemProxy */ = {
			isa = PBXContainerItemProxy;
			containerPortal = 7BA6F54320C94BCB00C21A36 /* BMO.xcodeproj */;
			proxyType = 2;
			remoteGlobalIDString = 7B51623E201FBDFE00B94FB3;
			remoteInfo = "BMO+CoreData-iOSTests";
		};
		7BA6F5AD20C94BCB00C21A36 /* PBXContainerItemProxy */ = {
			isa = PBXContainerItemProxy;
			containerPortal = 7BA6F54320C94BCB00C21A36 /* BMO.xcodeproj */;
			proxyType = 2;
			remoteGlobalIDString = 7B0AB0CD2021147300AC083A;
			remoteInfo = "BMO+RESTCoreData-macOS";
		};
		7BA6F5AF20C94BCB00C21A36 /* PBXContainerItemProxy */ = {
			isa = PBXContainerItemProxy;
			containerPortal = 7BA6F54320C94BCB00C21A36 /* BMO.xcodeproj */;
			proxyType = 2;
			remoteGlobalIDString = 7B0AB0E62021147D00AC083A;
			remoteInfo = "BMO+RESTCoreData-tvOS";
		};
		7BA6F5B120C94BCB00C21A36 /* PBXContainerItemProxy */ = {
			isa = PBXContainerItemProxy;
			containerPortal = 7BA6F54320C94BCB00C21A36 /* BMO.xcodeproj */;
			proxyType = 2;
			remoteGlobalIDString = 7B0AB0FF2021148000AC083A;
			remoteInfo = "BMO+RESTCoreData-iOS";
		};
		7BA6F5B320C94BCB00C21A36 /* PBXContainerItemProxy */ = {
			isa = PBXContainerItemProxy;
			containerPortal = 7BA6F54320C94BCB00C21A36 /* BMO.xcodeproj */;
			proxyType = 2;
			remoteGlobalIDString = 7B0AB1182021148300AC083A;
			remoteInfo = "BMO+RESTCoreData-watchOS";
		};
		7BA6F5B520C94BCB00C21A36 /* PBXContainerItemProxy */ = {
			isa = PBXContainerItemProxy;
			containerPortal = 7BA6F54320C94BCB00C21A36 /* BMO.xcodeproj */;
			proxyType = 2;
			remoteGlobalIDString = 7B0AB1252021148600AC083A;
			remoteInfo = "BMO+RESTCoreData-macOSTests";
		};
		7BA6F5B720C94BCB00C21A36 /* PBXContainerItemProxy */ = {
			isa = PBXContainerItemProxy;
			containerPortal = 7BA6F54320C94BCB00C21A36 /* BMO.xcodeproj */;
			proxyType = 2;
			remoteGlobalIDString = 7B0AB1322021148A00AC083A;
			remoteInfo = "BMO+RESTCoreData-tvOSTests";
		};
		7BA6F5B920C94BCB00C21A36 /* PBXContainerItemProxy */ = {
			isa = PBXContainerItemProxy;
			containerPortal = 7BA6F54320C94BCB00C21A36 /* BMO.xcodeproj */;
			proxyType = 2;
			remoteGlobalIDString = 7B0AB13F2021148E00AC083A;
			remoteInfo = "BMO+RESTCoreData-iOSTests";
		};
		7BA6F5BB20C94BCB00C21A36 /* PBXContainerItemProxy */ = {
			isa = PBXContainerItemProxy;
			containerPortal = 7BA6F54320C94BCB00C21A36 /* BMO.xcodeproj */;
			proxyType = 2;
			remoteGlobalIDString = 7BB965612022299800024DE1;
			remoteInfo = "CollectionLoader+RESTCoreData-macOS";
		};
		7BA6F5BD20C94BCB00C21A36 /* PBXContainerItemProxy */ = {
			isa = PBXContainerItemProxy;
			containerPortal = 7BA6F54320C94BCB00C21A36 /* BMO.xcodeproj */;
			proxyType = 2;
			remoteGlobalIDString = 7BB9657D202229A900024DE1;
			remoteInfo = "CollectionLoader+RESTCoreData-tvOS";
		};
		7BA6F5BF20C94BCB00C21A36 /* PBXContainerItemProxy */ = {
			isa = PBXContainerItemProxy;
			containerPortal = 7BA6F54320C94BCB00C21A36 /* BMO.xcodeproj */;
			proxyType = 2;
			remoteGlobalIDString = 7BB96599202229BF00024DE1;
			remoteInfo = "CollectionLoader+RESTCoreData-iOS";
		};
		7BA6F5C120C94BCB00C21A36 /* PBXContainerItemProxy */ = {
			isa = PBXContainerItemProxy;
			containerPortal = 7BA6F54320C94BCB00C21A36 /* BMO.xcodeproj */;
			proxyType = 2;
			remoteGlobalIDString = 7BB965B5202229D000024DE1;
			remoteInfo = "CollectionLoader+RESTCoreData-watchOS";
		};
		7BA6F5C320C94BCB00C21A36 /* PBXContainerItemProxy */ = {
			isa = PBXContainerItemProxy;
			containerPortal = 7BA6F54320C94BCB00C21A36 /* BMO.xcodeproj */;
			proxyType = 2;
			remoteGlobalIDString = 7BB965692022299900024DE1;
			remoteInfo = "CollectionLoader+RESTCoreData-macOSTests";
		};
		7BA6F5C520C94BCB00C21A36 /* PBXContainerItemProxy */ = {
			isa = PBXContainerItemProxy;
			containerPortal = 7BA6F54320C94BCB00C21A36 /* BMO.xcodeproj */;
			proxyType = 2;
			remoteGlobalIDString = 7BB96585202229A900024DE1;
			remoteInfo = "CollectionLoader+RESTCoreData-tvOSTests";
		};
		7BA6F5C720C94BCB00C21A36 /* PBXContainerItemProxy */ = {
			isa = PBXContainerItemProxy;
			containerPortal = 7BA6F54320C94BCB00C21A36 /* BMO.xcodeproj */;
			proxyType = 2;
			remoteGlobalIDString = 7BB965A1202229BF00024DE1;
			remoteInfo = "CollectionLoader+RESTCoreData-iOSTests";
		};
		7BA6F61120C94CC500C21A36 /* PBXContainerItemProxy */ = {
			isa = PBXContainerItemProxy;
			containerPortal = 7BA6F60620C94CC400C21A36 /* RetryingOperation.xcodeproj */;
			proxyType = 2;
			remoteGlobalIDString = 7B8BD01A20026E8C009BE667;
			remoteInfo = "RetryingOperation-macOS";
		};
		7BA6F61320C94CC500C21A36 /* PBXContainerItemProxy */ = {
			isa = PBXContainerItemProxy;
			containerPortal = 7BA6F60620C94CC400C21A36 /* RetryingOperation.xcodeproj */;
			proxyType = 2;
			remoteGlobalIDString = 7B7A34BF20027B4600348DF4;
			remoteInfo = "RetryingOperation-tvOS";
		};
		7BA6F61520C94CC500C21A36 /* PBXContainerItemProxy */ = {
			isa = PBXContainerItemProxy;
			containerPortal = 7BA6F60620C94CC400C21A36 /* RetryingOperation.xcodeproj */;
			proxyType = 2;
			remoteGlobalIDString = 7BC696D52002775C007BC3E9;
			remoteInfo = "RetryingOperation-iOS";
		};
		7BA6F61720C94CC500C21A36 /* PBXContainerItemProxy */ = {
			isa = PBXContainerItemProxy;
			containerPortal = 7BA6F60620C94CC400C21A36 /* RetryingOperation.xcodeproj */;
			proxyType = 2;
			remoteGlobalIDString = 7BB52E43200279EA007CAD7B;
			remoteInfo = "RetryingOperation-watchOS";
		};
		7BA6F61920C94CC500C21A36 /* PBXContainerItemProxy */ = {
			isa = PBXContainerItemProxy;
			containerPortal = 7BA6F60620C94CC400C21A36 /* RetryingOperation.xcodeproj */;
			proxyType = 2;
			remoteGlobalIDString = 7B8BD02220026E8C009BE667;
			remoteInfo = "RetryingOperation-macOSTests";
		};
		7BA6F61B20C94CC500C21A36 /* PBXContainerItemProxy */ = {
			isa = PBXContainerItemProxy;
			containerPortal = 7BA6F60620C94CC400C21A36 /* RetryingOperation.xcodeproj */;
			proxyType = 2;
			remoteGlobalIDString = 7BC696DD2002775C007BC3E9;
			remoteInfo = "RetryingOperation-iOSTests";
		};
		7BA6F61D20C94CC500C21A36 /* PBXContainerItemProxy */ = {
			isa = PBXContainerItemProxy;
			containerPortal = 7BA6F60620C94CC400C21A36 /* RetryingOperation.xcodeproj */;
			proxyType = 2;
			remoteGlobalIDString = 7B7A34C720027B4700348DF4;
			remoteInfo = "RetryingOperation-tvOSTests";
		};
		7BA7C13520C9479E00C210B5 /* PBXContainerItemProxy */ = {
			isa = PBXContainerItemProxy;
			containerPortal = 7BA7C12120C9479E00C210B5 /* Project object */;
			proxyType = 1;
			remoteGlobalIDString = 7BA7C12920C9479E00C210B5;
			remoteInfo = GitHubBridge;
		};
		7BE7F22520C9A806006DED14 /* PBXContainerItemProxy */ = {
			isa = PBXContainerItemProxy;
			containerPortal = 7BE7F21A20C9A806006DED14 /* Alamofire.xcodeproj */;
			proxyType = 2;
			remoteGlobalIDString = F8111E3319A95C8B0040E7D1;
			remoteInfo = "Alamofire iOS";
		};
		7BE7F22720C9A806006DED14 /* PBXContainerItemProxy */ = {
			isa = PBXContainerItemProxy;
			containerPortal = 7BE7F21A20C9A806006DED14 /* Alamofire.xcodeproj */;
			proxyType = 2;
			remoteGlobalIDString = F8111E3E19A95C8B0040E7D1;
			remoteInfo = "Alamofire iOS Tests";
		};
		7BE7F22920C9A806006DED14 /* PBXContainerItemProxy */ = {
			isa = PBXContainerItemProxy;
			containerPortal = 7BE7F21A20C9A806006DED14 /* Alamofire.xcodeproj */;
			proxyType = 2;
			remoteGlobalIDString = 4DD67C0B1A5C55C900ED2280;
			remoteInfo = "Alamofire macOS";
		};
		7BE7F22B20C9A806006DED14 /* PBXContainerItemProxy */ = {
			isa = PBXContainerItemProxy;
			containerPortal = 7BE7F21A20C9A806006DED14 /* Alamofire.xcodeproj */;
			proxyType = 2;
			remoteGlobalIDString = F829C6B21A7A94F100A2CD59;
			remoteInfo = "Alamofire macOS Tests";
		};
		7BE7F22D20C9A806006DED14 /* PBXContainerItemProxy */ = {
			isa = PBXContainerItemProxy;
			containerPortal = 7BE7F21A20C9A806006DED14 /* Alamofire.xcodeproj */;
			proxyType = 2;
			remoteGlobalIDString = 4CF626EF1BA7CB3E0011A099;
			remoteInfo = "Alamofire tvOS";
		};
		7BE7F22F20C9A806006DED14 /* PBXContainerItemProxy */ = {
			isa = PBXContainerItemProxy;
			containerPortal = 7BE7F21A20C9A806006DED14 /* Alamofire.xcodeproj */;
			proxyType = 2;
			remoteGlobalIDString = 4CF626F81BA7CB3E0011A099;
			remoteInfo = "Alamofire tvOS Tests";
		};
		7BE7F23120C9A806006DED14 /* PBXContainerItemProxy */ = {
			isa = PBXContainerItemProxy;
			containerPortal = 7BE7F21A20C9A806006DED14 /* Alamofire.xcodeproj */;
			proxyType = 2;
			remoteGlobalIDString = E4202FE01B667AA100C997FB;
			remoteInfo = "Alamofire watchOS";
		};
		7BEFD1C320C9483B00FDA05F /* PBXContainerItemProxy */ = {
			isa = PBXContainerItemProxy;
			containerPortal = 7BA7C12120C9479E00C210B5 /* Project object */;
			proxyType = 1;
			remoteGlobalIDString = 7BEFD1B820C9483B00FDA05F;
			remoteInfo = "GitHubBridge macOS";
		};
/* End PBXContainerItemProxy section */

/* Begin PBXFileReference section */
		7BA6F54320C94BCB00C21A36 /* BMO.xcodeproj */ = {isa = PBXFileReference; lastKnownFileType = "wrapper.pb-project"; name = BMO.xcodeproj; path = Carthage/Checkouts/BMO/BMO.xcodeproj; sourceTree = "<group>"; };
		7BA6F60620C94CC400C21A36 /* RetryingOperation.xcodeproj */ = {isa = PBXFileReference; lastKnownFileType = "wrapper.pb-project"; name = RetryingOperation.xcodeproj; path = Carthage/Checkouts/RetryingOperation/RetryingOperation.xcodeproj; sourceTree = "<group>"; };
		7BA6F62020C94F2000C21A36 /* GitHub.xcdatamodel */ = {isa = PBXFileReference; lastKnownFileType = wrapper.xcdatamodel; path = GitHub.xcdatamodel; sourceTree = "<group>"; };
		7BA6F62320C95CC700C21A36 /* Color.swift */ = {isa = PBXFileReference; lastKnownFileType = sourcecode.swift; path = Color.swift; sourceTree = "<group>"; };
		7BA6F63320C96B7500C21A36 /* GitHubTransformers.swift */ = {isa = PBXFileReference; lastKnownFileType = sourcecode.swift; path = GitHubTransformers.swift; sourceTree = "<group>"; };
		7BA7C12A20C9479E00C210B5 /* GitHubBridge.framework */ = {isa = PBXFileReference; explicitFileType = wrapper.framework; includeInIndex = 0; path = GitHubBridge.framework; sourceTree = BUILT_PRODUCTS_DIR; };
		7BA7C12E20C9479E00C210B5 /* Info.plist */ = {isa = PBXFileReference; lastKnownFileType = text.plist.xml; path = Info.plist; sourceTree = "<group>"; };
		7BA7C13320C9479E00C210B5 /* GitHubBridge iOSTests.xctest */ = {isa = PBXFileReference; explicitFileType = wrapper.cfbundle; includeInIndex = 0; path = "GitHubBridge iOSTests.xctest"; sourceTree = BUILT_PRODUCTS_DIR; };
		7BA7C13820C9479E00C210B5 /* GitHubBridgeTests.swift */ = {isa = PBXFileReference; lastKnownFileType = sourcecode.swift; path = GitHubBridgeTests.swift; sourceTree = "<group>"; };
		7BA7C13A20C9479E00C210B5 /* Info.plist */ = {isa = PBXFileReference; lastKnownFileType = text.plist.xml; path = Info.plist; sourceTree = "<group>"; };
		7BE7F1E420C9A7C8006DED14 /* GitHubBMOOperation.swift */ = {isa = PBXFileReference; fileEncoding = 4; lastKnownFileType = sourcecode.swift; path = GitHubBMOOperation.swift; sourceTree = "<group>"; };
		7BE7F21A20C9A806006DED14 /* Alamofire.xcodeproj */ = {isa = PBXFileReference; lastKnownFileType = "wrapper.pb-project"; name = Alamofire.xcodeproj; path = Carthage/Checkouts/Alamofire/Alamofire.xcodeproj; sourceTree = "<group>"; };
		7BEFD1B920C9483B00FDA05F /* GitHubBridge.framework */ = {isa = PBXFileReference; explicitFileType = wrapper.framework; includeInIndex = 0; path = GitHubBridge.framework; sourceTree = BUILT_PRODUCTS_DIR; };
		7BEFD1C120C9483B00FDA05F /* GitHubBridge macOSTests.xctest */ = {isa = PBXFileReference; explicitFileType = wrapper.cfbundle; includeInIndex = 0; path = "GitHubBridge macOSTests.xctest"; sourceTree = BUILT_PRODUCTS_DIR; };
		7BEFD1D020C948A500FDA05F /* GitHubBMOBridge.swift */ = {isa = PBXFileReference; lastKnownFileType = sourcecode.swift; path = GitHubBMOBridge.swift; sourceTree = "<group>"; };
/* End PBXFileReference section */

/* Begin PBXFrameworksBuildPhase section */
		7BA7C12620C9479E00C210B5 /* Frameworks */ = {
			isa = PBXFrameworksBuildPhase;
			buildActionMask = 2147483647;
			files = (
				7BE7F23320C9A81A006DED14 /* Alamofire.framework in Frameworks */,
				7BA6F5CB20C94BE400C21A36 /* BMO.framework in Frameworks */,
				7BA6F5CE20C94C2500C21A36 /* BMO_CoreData.framework in Frameworks */,
				7BA6F5CF20C94C3000C21A36 /* BMO_RESTCoreData.framework in Frameworks */,
				7BA6F5CD20C94C0200C21A36 /* RESTUtils.framework in Frameworks */,
				7BE7F23620C9A840006DED14 /* RetryingOperation.framework in Frameworks */,
			);
			runOnlyForDeploymentPostprocessing = 0;
		};
		7BA7C13020C9479E00C210B5 /* Frameworks */ = {
			isa = PBXFrameworksBuildPhase;
			buildActionMask = 2147483647;
			files = (
				7BA7C13420C9479E00C210B5 /* GitHubBridge.framework in Frameworks */,
			);
			runOnlyForDeploymentPostprocessing = 0;
		};
		7BEFD1B620C9483B00FDA05F /* Frameworks */ = {
			isa = PBXFrameworksBuildPhase;
			buildActionMask = 2147483647;
			files = (
				7BE7F23420C9A823006DED14 /* Alamofire.framework in Frameworks */,
				7BA6F5D020C94C6B00C21A36 /* BMO.framework in Frameworks */,
				7BA6F5D120C94C8400C21A36 /* BMO_CoreData.framework in Frameworks */,
				7BA6F5D220C94C8700C21A36 /* BMO_RESTCoreData.framework in Frameworks */,
				7BA6F5D320C94C8B00C21A36 /* RESTUtils.framework in Frameworks */,
				7BE7F23520C9A83A006DED14 /* RetryingOperation.framework in Frameworks */,
			);
			runOnlyForDeploymentPostprocessing = 0;
		};
		7BEFD1BE20C9483B00FDA05F /* Frameworks */ = {
			isa = PBXFrameworksBuildPhase;
			buildActionMask = 2147483647;
			files = (
				7BEFD1C220C9483B00FDA05F /* GitHubBridge.framework in Frameworks */,
			);
			runOnlyForDeploymentPostprocessing = 0;
		};
/* End PBXFrameworksBuildPhase section */

/* Begin PBXGroup section */
		7BA6F54420C94BCB00C21A36 /* Products */ = {
			isa = PBXGroup;
			children = (
				7BA6F57620C94BCB00C21A36 /* BMO.framework */,
				7BA6F57820C94BCB00C21A36 /* BMO.framework */,
				7BA6F57A20C94BCB00C21A36 /* BMO.framework */,
				7BA6F57C20C94BCB00C21A36 /* BMO.framework */,
				7BA6F57E20C94BCB00C21A36 /* BMO-macOSTests.xctest */,
				7BA6F58020C94BCB00C21A36 /* BMO-tvOSTests.xctest */,
				7BA6F58220C94BCB00C21A36 /* BMO-iOSTests.xctest */,
				7BA6F58420C94BCB00C21A36 /* RESTUtils.framework */,
				7BA6F58620C94BCB00C21A36 /* RESTUtils.framework */,
				7BA6F58820C94BCB00C21A36 /* RESTUtils.framework */,
				7BA6F58A20C94BCB00C21A36 /* RESTUtils.framework */,
				7BA6F58C20C94BCB00C21A36 /* RESTUtils-macOSTests.xctest */,
				7BA6F58E20C94BCB00C21A36 /* RESTUtils-tvOSTests.xctest */,
				7BA6F59020C94BCB00C21A36 /* RESTUtils-iOSTests.xctest */,
				7BA6F59220C94BCB00C21A36 /* BMO_FastImportRepresentation.framework */,
				7BA6F59420C94BCB00C21A36 /* BMO_FastImportRepresentation.framework */,
				7BA6F59620C94BCB00C21A36 /* BMO_FastImportRepresentation.framework */,
				7BA6F59820C94BCB00C21A36 /* BMO_FastImportRepresentation.framework */,
				7BA6F59A20C94BCB00C21A36 /* BMO+FastImportRepresentation-macOSTests.xctest */,
				7BA6F59C20C94BCB00C21A36 /* BMO+FastImportRepresentation-tvOSTests.xctest */,
				7BA6F59E20C94BCB00C21A36 /* BMO+FastImportRepresentation-iOSTests.xctest */,
				7BA6F5A020C94BCB00C21A36 /* BMO_CoreData.framework */,
				7BA6F5A220C94BCB00C21A36 /* BMO_CoreData.framework */,
				7BA6F5A420C94BCB00C21A36 /* BMO_CoreData.framework */,
				7BA6F5A620C94BCB00C21A36 /* BMO_CoreData.framework */,
				7BA6F5A820C94BCB00C21A36 /* BMO+CoreData-macOSTests.xctest */,
				7BA6F5AA20C94BCB00C21A36 /* BMO+CoreData-tvOSTests.xctest */,
				7BA6F5AC20C94BCB00C21A36 /* BMO+CoreData-iOSTests.xctest */,
				7BA6F5AE20C94BCB00C21A36 /* BMO_RESTCoreData.framework */,
				7BA6F5B020C94BCB00C21A36 /* BMO_RESTCoreData.framework */,
				7BA6F5B220C94BCB00C21A36 /* BMO_RESTCoreData.framework */,
				7BA6F5B420C94BCB00C21A36 /* BMO_RESTCoreData.framework */,
				7BA6F5B620C94BCB00C21A36 /* BMO+RESTCoreData-macOSTests.xctest */,
				7BA6F5B820C94BCB00C21A36 /* BMO+RESTCoreData-tvOSTests.xctest */,
				7BA6F5BA20C94BCB00C21A36 /* BMO+RESTCoreData-iOSTests.xctest */,
				7BA6F5BC20C94BCB00C21A36 /* CollectionLoader_RESTCoreData.framework */,
				7BA6F5BE20C94BCB00C21A36 /* CollectionLoader_RESTCoreData.framework */,
				7BA6F5C020C94BCB00C21A36 /* CollectionLoader_RESTCoreData.framework */,
				7BA6F5C220C94BCB00C21A36 /* CollectionLoader_RESTCoreData.framework */,
				7BA6F5C420C94BCB00C21A36 /* CollectionLoader+RESTCoreData-macOSTests.xctest */,
				7BA6F5C620C94BCB00C21A36 /* CollectionLoader+RESTCoreData-tvOSTests.xctest */,
				7BA6F5C820C94BCB00C21A36 /* CollectionLoader+RESTCoreData-iOSTests.xctest */,
			);
			name = Products;
			sourceTree = "<group>";
		};
		7BA6F5C920C94BDC00C21A36 /* Frameworks */ = {
			isa = PBXGroup;
			children = (
			);
			name = Frameworks;
			sourceTree = "<group>";
		};
		7BA6F60720C94CC400C21A36 /* Products */ = {
			isa = PBXGroup;
			children = (
				7BA6F61220C94CC500C21A36 /* RetryingOperation.framework */,
				7BA6F61420C94CC500C21A36 /* RetryingOperation.framework */,
				7BA6F61620C94CC500C21A36 /* RetryingOperation.framework */,
				7BA6F61820C94CC500C21A36 /* RetryingOperation.framework */,
				7BA6F61A20C94CC500C21A36 /* RetryingOperation-macOSTests.xctest */,
				7BA6F61C20C94CC500C21A36 /* RetryingOperation-iOSTests.xctest */,
				7BA6F61E20C94CC500C21A36 /* RetryingOperation-tvOSTests.xctest */,
			);
			name = Products;
			sourceTree = "<group>";
		};
		7BA6F63220C95D1700C21A36 /* Model */ = {
			isa = PBXGroup;
			children = (
				7BA6F62320C95CC700C21A36 /* Color.swift */,
				7BA6F61F20C94F2000C21A36 /* GitHub.xcdatamodeld */,
			);
			path = Model;
			sourceTree = "<group>";
		};
		7BA7C12020C9479E00C210B5 = {
			isa = PBXGroup;
			children = (
				7BA7C12C20C9479E00C210B5 /* GitHubBridge */,
				7BA7C13720C9479E00C210B5 /* GitHubBridgeTests */,
				7BBB24B920C94B6800BC673B /* Dependencies */,
				7BA7C12B20C9479E00C210B5 /* Products */,
				7BA6F5C920C94BDC00C21A36 /* Frameworks */,
			);
			indentWidth = 3;
			sourceTree = "<group>";
			tabWidth = 3;
			usesTabs = 1;
		};
		7BA7C12B20C9479E00C210B5 /* Products */ = {
			isa = PBXGroup;
			children = (
				7BA7C12A20C9479E00C210B5 /* GitHubBridge.framework */,
				7BA7C13320C9479E00C210B5 /* GitHubBridge iOSTests.xctest */,
				7BEFD1B920C9483B00FDA05F /* GitHubBridge.framework */,
				7BEFD1C120C9483B00FDA05F /* GitHubBridge macOSTests.xctest */,
			);
			name = Products;
			sourceTree = "<group>";
		};
		7BA7C12C20C9479E00C210B5 /* GitHubBridge */ = {
			isa = PBXGroup;
			children = (
				7BA7C12E20C9479E00C210B5 /* Info.plist */,
				7BA6F63220C95D1700C21A36 /* Model */,
				7BEFD1D020C948A500FDA05F /* GitHubBMOBridge.swift */,
				7BA6F63320C96B7500C21A36 /* GitHubTransformers.swift */,
				7BE7F1E420C9A7C8006DED14 /* GitHubBMOOperation.swift */,
			);
			path = GitHubBridge;
			sourceTree = "<group>";
		};
		7BA7C13720C9479E00C210B5 /* GitHubBridgeTests */ = {
			isa = PBXGroup;
			children = (
				7BA7C13820C9479E00C210B5 /* GitHubBridgeTests.swift */,
				7BA7C13A20C9479E00C210B5 /* Info.plist */,
			);
			path = GitHubBridgeTests;
			sourceTree = "<group>";
		};
		7BBB24B920C94B6800BC673B /* Dependencies */ = {
			isa = PBXGroup;
			children = (
				7BA6F54320C94BCB00C21A36 /* BMO.xcodeproj */,
				7BA6F60620C94CC400C21A36 /* RetryingOperation.xcodeproj */,
				7BE7F21A20C9A806006DED14 /* Alamofire.xcodeproj */,
			);
			name = Dependencies;
			sourceTree = "<group>";
		};
		7BE7F21B20C9A806006DED14 /* Products */ = {
			isa = PBXGroup;
			children = (
				7BE7F22620C9A806006DED14 /* Alamofire.framework */,
				7BE7F22820C9A806006DED14 /* Alamofire iOS Tests.xctest */,
				7BE7F22A20C9A806006DED14 /* Alamofire.framework */,
				7BE7F22C20C9A806006DED14 /* Alamofire macOS Tests.xctest */,
				7BE7F22E20C9A806006DED14 /* Alamofire.framework */,
				7BE7F23020C9A806006DED14 /* Alamofire tvOS Tests.xctest */,
				7BE7F23220C9A806006DED14 /* Alamofire.framework */,
			);
			name = Products;
			sourceTree = "<group>";
		};
/* End PBXGroup section */

/* Begin PBXHeadersBuildPhase section */
		7BA7C12720C9479E00C210B5 /* Headers */ = {
			isa = PBXHeadersBuildPhase;
			buildActionMask = 2147483647;
			files = (
			);
			runOnlyForDeploymentPostprocessing = 0;
		};
		7BEFD1B420C9483B00FDA05F /* Headers */ = {
			isa = PBXHeadersBuildPhase;
			buildActionMask = 2147483647;
			files = (
			);
			runOnlyForDeploymentPostprocessing = 0;
		};
/* End PBXHeadersBuildPhase section */

/* Begin PBXNativeTarget section */
		7BA7C12920C9479E00C210B5 /* GitHubBridge iOS */ = {
			isa = PBXNativeTarget;
			buildConfigurationList = 7BA7C13E20C9479E00C210B5 /* Build configuration list for PBXNativeTarget "GitHubBridge iOS" */;
			buildPhases = (
				7BA7C12520C9479E00C210B5 /* Sources */,
				7BA7C12620C9479E00C210B5 /* Frameworks */,
				7BA7C12720C9479E00C210B5 /* Headers */,
				7BA7C12820C9479E00C210B5 /* Resources */,
			);
			buildRules = (
			);
			dependencies = (
			);
			name = "GitHubBridge iOS";
			productName = GitHubBridge;
			productReference = 7BA7C12A20C9479E00C210B5 /* GitHubBridge.framework */;
			productType = "com.apple.product-type.framework";
		};
		7BA7C13220C9479E00C210B5 /* GitHubBridge iOSTests */ = {
			isa = PBXNativeTarget;
			buildConfigurationList = 7BA7C14120C9479E00C210B5 /* Build configuration list for PBXNativeTarget "GitHubBridge iOSTests" */;
			buildPhases = (
				7BA7C12F20C9479E00C210B5 /* Sources */,
				7BA7C13020C9479E00C210B5 /* Frameworks */,
				7BA7C13120C9479E00C210B5 /* Resources */,
			);
			buildRules = (
			);
			dependencies = (
				7BA7C13620C9479E00C210B5 /* PBXTargetDependency */,
			);
			name = "GitHubBridge iOSTests";
			productName = GitHubBridgeTests;
			productReference = 7BA7C13320C9479E00C210B5 /* GitHubBridge iOSTests.xctest */;
			productType = "com.apple.product-type.bundle.unit-test";
		};
		7BEFD1B820C9483B00FDA05F /* GitHubBridge macOS */ = {
			isa = PBXNativeTarget;
			buildConfigurationList = 7BEFD1CA20C9483B00FDA05F /* Build configuration list for PBXNativeTarget "GitHubBridge macOS" */;
			buildPhases = (
				7BEFD1B420C9483B00FDA05F /* Headers */,
				7BEFD1B520C9483B00FDA05F /* Sources */,
				7BEFD1B620C9483B00FDA05F /* Frameworks */,
				7BEFD1B720C9483B00FDA05F /* Resources */,
			);
			buildRules = (
			);
			dependencies = (
			);
			name = "GitHubBridge macOS";
			productName = "GitHubBridge macOS";
			productReference = 7BEFD1B920C9483B00FDA05F /* GitHubBridge.framework */;
			productType = "com.apple.product-type.framework";
		};
		7BEFD1C020C9483B00FDA05F /* GitHubBridge macOSTests */ = {
			isa = PBXNativeTarget;
			buildConfigurationList = 7BEFD1CD20C9483B00FDA05F /* Build configuration list for PBXNativeTarget "GitHubBridge macOSTests" */;
			buildPhases = (
				7BEFD1BD20C9483B00FDA05F /* Sources */,
				7BEFD1BE20C9483B00FDA05F /* Frameworks */,
				7BEFD1BF20C9483B00FDA05F /* Resources */,
			);
			buildRules = (
			);
			dependencies = (
				7BEFD1C420C9483B00FDA05F /* PBXTargetDependency */,
			);
			name = "GitHubBridge macOSTests";
			productName = "GitHubBridge macOSTests";
			productReference = 7BEFD1C120C9483B00FDA05F /* GitHubBridge macOSTests.xctest */;
			productType = "com.apple.product-type.bundle.unit-test";
		};
/* End PBXNativeTarget section */

/* Begin PBXProject section */
		7BA7C12120C9479E00C210B5 /* Project object */ = {
			isa = PBXProject;
			attributes = {
				LastSwiftUpdateCheck = 1000;
				LastUpgradeCheck = 0940;
				ORGANIZATIONNAME = happn;
				TargetAttributes = {
					7BA7C12920C9479E00C210B5 = {
						CreatedOnToolsVersion = 9.4;
						LastSwiftMigration = 1000;
					};
					7BA7C13220C9479E00C210B5 = {
						CreatedOnToolsVersion = 9.4;
					};
					7BEFD1B820C9483B00FDA05F = {
						CreatedOnToolsVersion = 10.0;
						LastSwiftMigration = 1000;
					};
					7BEFD1C020C9483B00FDA05F = {
						CreatedOnToolsVersion = 10.0;
					};
				};
			};
			buildConfigurationList = 7BA7C12420C9479E00C210B5 /* Build configuration list for PBXProject "GitHub Clients" */;
			compatibilityVersion = "Xcode 9.3";
			developmentRegion = en;
			hasScannedForEncodings = 0;
			knownRegions = (
				en,
			);
			mainGroup = 7BA7C12020C9479E00C210B5;
			productRefGroup = 7BA7C12B20C9479E00C210B5 /* Products */;
			projectDirPath = "";
			projectReferences = (
				{
					ProductGroup = 7BE7F21B20C9A806006DED14 /* Products */;
					ProjectRef = 7BE7F21A20C9A806006DED14 /* Alamofire.xcodeproj */;
				},
				{
					ProductGroup = 7BA6F54420C94BCB00C21A36 /* Products */;
					ProjectRef = 7BA6F54320C94BCB00C21A36 /* BMO.xcodeproj */;
				},
				{
					ProductGroup = 7BA6F60720C94CC400C21A36 /* Products */;
					ProjectRef = 7BA6F60620C94CC400C21A36 /* RetryingOperation.xcodeproj */;
				},
			);
			projectRoot = "";
			targets = (
				7BEFD1B820C9483B00FDA05F /* GitHubBridge macOS */,
				7BA7C12920C9479E00C210B5 /* GitHubBridge iOS */,
				7BEFD1C020C9483B00FDA05F /* GitHubBridge macOSTests */,
				7BA7C13220C9479E00C210B5 /* GitHubBridge iOSTests */,
			);
		};
/* End PBXProject section */

/* Begin PBXReferenceProxy section */
		7BA6F57620C94BCB00C21A36 /* BMO.framework */ = {
			isa = PBXReferenceProxy;
			fileType = wrapper.framework;
			path = BMO.framework;
			remoteRef = 7BA6F57520C94BCB00C21A36 /* PBXContainerItemProxy */;
			sourceTree = BUILT_PRODUCTS_DIR;
		};
		7BA6F57820C94BCB00C21A36 /* BMO.framework */ = {
			isa = PBXReferenceProxy;
			fileType = wrapper.framework;
			path = BMO.framework;
			remoteRef = 7BA6F57720C94BCB00C21A36 /* PBXContainerItemProxy */;
			sourceTree = BUILT_PRODUCTS_DIR;
		};
		7BA6F57A20C94BCB00C21A36 /* BMO.framework */ = {
			isa = PBXReferenceProxy;
			fileType = wrapper.framework;
			path = BMO.framework;
			remoteRef = 7BA6F57920C94BCB00C21A36 /* PBXContainerItemProxy */;
			sourceTree = BUILT_PRODUCTS_DIR;
		};
		7BA6F57C20C94BCB00C21A36 /* BMO.framework */ = {
			isa = PBXReferenceProxy;
			fileType = wrapper.framework;
			path = BMO.framework;
			remoteRef = 7BA6F57B20C94BCB00C21A36 /* PBXContainerItemProxy */;
			sourceTree = BUILT_PRODUCTS_DIR;
		};
		7BA6F57E20C94BCB00C21A36 /* BMO-macOSTests.xctest */ = {
			isa = PBXReferenceProxy;
			fileType = wrapper.cfbundle;
			path = "BMO-macOSTests.xctest";
			remoteRef = 7BA6F57D20C94BCB00C21A36 /* PBXContainerItemProxy */;
			sourceTree = BUILT_PRODUCTS_DIR;
		};
		7BA6F58020C94BCB00C21A36 /* BMO-tvOSTests.xctest */ = {
			isa = PBXReferenceProxy;
			fileType = wrapper.cfbundle;
			path = "BMO-tvOSTests.xctest";
			remoteRef = 7BA6F57F20C94BCB00C21A36 /* PBXContainerItemProxy */;
			sourceTree = BUILT_PRODUCTS_DIR;
		};
		7BA6F58220C94BCB00C21A36 /* BMO-iOSTests.xctest */ = {
			isa = PBXReferenceProxy;
			fileType = wrapper.cfbundle;
			path = "BMO-iOSTests.xctest";
			remoteRef = 7BA6F58120C94BCB00C21A36 /* PBXContainerItemProxy */;
			sourceTree = BUILT_PRODUCTS_DIR;
		};
		7BA6F58420C94BCB00C21A36 /* RESTUtils.framework */ = {
			isa = PBXReferenceProxy;
			fileType = wrapper.framework;
			path = RESTUtils.framework;
			remoteRef = 7BA6F58320C94BCB00C21A36 /* PBXContainerItemProxy */;
			sourceTree = BUILT_PRODUCTS_DIR;
		};
		7BA6F58620C94BCB00C21A36 /* RESTUtils.framework */ = {
			isa = PBXReferenceProxy;
			fileType = wrapper.framework;
			path = RESTUtils.framework;
			remoteRef = 7BA6F58520C94BCB00C21A36 /* PBXContainerItemProxy */;
			sourceTree = BUILT_PRODUCTS_DIR;
		};
		7BA6F58820C94BCB00C21A36 /* RESTUtils.framework */ = {
			isa = PBXReferenceProxy;
			fileType = wrapper.framework;
			path = RESTUtils.framework;
			remoteRef = 7BA6F58720C94BCB00C21A36 /* PBXContainerItemProxy */;
			sourceTree = BUILT_PRODUCTS_DIR;
		};
		7BA6F58A20C94BCB00C21A36 /* RESTUtils.framework */ = {
			isa = PBXReferenceProxy;
			fileType = wrapper.framework;
			path = RESTUtils.framework;
			remoteRef = 7BA6F58920C94BCB00C21A36 /* PBXContainerItemProxy */;
			sourceTree = BUILT_PRODUCTS_DIR;
		};
		7BA6F58C20C94BCB00C21A36 /* RESTUtils-macOSTests.xctest */ = {
			isa = PBXReferenceProxy;
			fileType = wrapper.cfbundle;
			path = "RESTUtils-macOSTests.xctest";
			remoteRef = 7BA6F58B20C94BCB00C21A36 /* PBXContainerItemProxy */;
			sourceTree = BUILT_PRODUCTS_DIR;
		};
		7BA6F58E20C94BCB00C21A36 /* RESTUtils-tvOSTests.xctest */ = {
			isa = PBXReferenceProxy;
			fileType = wrapper.cfbundle;
			path = "RESTUtils-tvOSTests.xctest";
			remoteRef = 7BA6F58D20C94BCB00C21A36 /* PBXContainerItemProxy */;
			sourceTree = BUILT_PRODUCTS_DIR;
		};
		7BA6F59020C94BCB00C21A36 /* RESTUtils-iOSTests.xctest */ = {
			isa = PBXReferenceProxy;
			fileType = wrapper.cfbundle;
			path = "RESTUtils-iOSTests.xctest";
			remoteRef = 7BA6F58F20C94BCB00C21A36 /* PBXContainerItemProxy */;
			sourceTree = BUILT_PRODUCTS_DIR;
		};
		7BA6F59220C94BCB00C21A36 /* BMO_FastImportRepresentation.framework */ = {
			isa = PBXReferenceProxy;
			fileType = wrapper.framework;
			path = BMO_FastImportRepresentation.framework;
			remoteRef = 7BA6F59120C94BCB00C21A36 /* PBXContainerItemProxy */;
			sourceTree = BUILT_PRODUCTS_DIR;
		};
		7BA6F59420C94BCB00C21A36 /* BMO_FastImportRepresentation.framework */ = {
			isa = PBXReferenceProxy;
			fileType = wrapper.framework;
			path = BMO_FastImportRepresentation.framework;
			remoteRef = 7BA6F59320C94BCB00C21A36 /* PBXContainerItemProxy */;
			sourceTree = BUILT_PRODUCTS_DIR;
		};
		7BA6F59620C94BCB00C21A36 /* BMO_FastImportRepresentation.framework */ = {
			isa = PBXReferenceProxy;
			fileType = wrapper.framework;
			path = BMO_FastImportRepresentation.framework;
			remoteRef = 7BA6F59520C94BCB00C21A36 /* PBXContainerItemProxy */;
			sourceTree = BUILT_PRODUCTS_DIR;
		};
		7BA6F59820C94BCB00C21A36 /* BMO_FastImportRepresentation.framework */ = {
			isa = PBXReferenceProxy;
			fileType = wrapper.framework;
			path = BMO_FastImportRepresentation.framework;
			remoteRef = 7BA6F59720C94BCB00C21A36 /* PBXContainerItemProxy */;
			sourceTree = BUILT_PRODUCTS_DIR;
		};
		7BA6F59A20C94BCB00C21A36 /* BMO+FastImportRepresentation-macOSTests.xctest */ = {
			isa = PBXReferenceProxy;
			fileType = wrapper.cfbundle;
			path = "BMO+FastImportRepresentation-macOSTests.xctest";
			remoteRef = 7BA6F59920C94BCB00C21A36 /* PBXContainerItemProxy */;
			sourceTree = BUILT_PRODUCTS_DIR;
		};
		7BA6F59C20C94BCB00C21A36 /* BMO+FastImportRepresentation-tvOSTests.xctest */ = {
			isa = PBXReferenceProxy;
			fileType = wrapper.cfbundle;
			path = "BMO+FastImportRepresentation-tvOSTests.xctest";
			remoteRef = 7BA6F59B20C94BCB00C21A36 /* PBXContainerItemProxy */;
			sourceTree = BUILT_PRODUCTS_DIR;
		};
		7BA6F59E20C94BCB00C21A36 /* BMO+FastImportRepresentation-iOSTests.xctest */ = {
			isa = PBXReferenceProxy;
			fileType = wrapper.cfbundle;
			path = "BMO+FastImportRepresentation-iOSTests.xctest";
			remoteRef = 7BA6F59D20C94BCB00C21A36 /* PBXContainerItemProxy */;
			sourceTree = BUILT_PRODUCTS_DIR;
		};
		7BA6F5A020C94BCB00C21A36 /* BMO_CoreData.framework */ = {
			isa = PBXReferenceProxy;
			fileType = wrapper.framework;
			path = BMO_CoreData.framework;
			remoteRef = 7BA6F59F20C94BCB00C21A36 /* PBXContainerItemProxy */;
			sourceTree = BUILT_PRODUCTS_DIR;
		};
		7BA6F5A220C94BCB00C21A36 /* BMO_CoreData.framework */ = {
			isa = PBXReferenceProxy;
			fileType = wrapper.framework;
			path = BMO_CoreData.framework;
			remoteRef = 7BA6F5A120C94BCB00C21A36 /* PBXContainerItemProxy */;
			sourceTree = BUILT_PRODUCTS_DIR;
		};
		7BA6F5A420C94BCB00C21A36 /* BMO_CoreData.framework */ = {
			isa = PBXReferenceProxy;
			fileType = wrapper.framework;
			path = BMO_CoreData.framework;
			remoteRef = 7BA6F5A320C94BCB00C21A36 /* PBXContainerItemProxy */;
			sourceTree = BUILT_PRODUCTS_DIR;
		};
		7BA6F5A620C94BCB00C21A36 /* BMO_CoreData.framework */ = {
			isa = PBXReferenceProxy;
			fileType = wrapper.framework;
			path = BMO_CoreData.framework;
			remoteRef = 7BA6F5A520C94BCB00C21A36 /* PBXContainerItemProxy */;
			sourceTree = BUILT_PRODUCTS_DIR;
		};
		7BA6F5A820C94BCB00C21A36 /* BMO+CoreData-macOSTests.xctest */ = {
			isa = PBXReferenceProxy;
			fileType = wrapper.cfbundle;
			path = "BMO+CoreData-macOSTests.xctest";
			remoteRef = 7BA6F5A720C94BCB00C21A36 /* PBXContainerItemProxy */;
			sourceTree = BUILT_PRODUCTS_DIR;
		};
		7BA6F5AA20C94BCB00C21A36 /* BMO+CoreData-tvOSTests.xctest */ = {
			isa = PBXReferenceProxy;
			fileType = wrapper.cfbundle;
			path = "BMO+CoreData-tvOSTests.xctest";
			remoteRef = 7BA6F5A920C94BCB00C21A36 /* PBXContainerItemProxy */;
			sourceTree = BUILT_PRODUCTS_DIR;
		};
		7BA6F5AC20C94BCB00C21A36 /* BMO+CoreData-iOSTests.xctest */ = {
			isa = PBXReferenceProxy;
			fileType = wrapper.cfbundle;
			path = "BMO+CoreData-iOSTests.xctest";
			remoteRef = 7BA6F5AB20C94BCB00C21A36 /* PBXContainerItemProxy */;
			sourceTree = BUILT_PRODUCTS_DIR;
		};
		7BA6F5AE20C94BCB00C21A36 /* BMO_RESTCoreData.framework */ = {
			isa = PBXReferenceProxy;
			fileType = wrapper.framework;
			path = BMO_RESTCoreData.framework;
			remoteRef = 7BA6F5AD20C94BCB00C21A36 /* PBXContainerItemProxy */;
			sourceTree = BUILT_PRODUCTS_DIR;
		};
		7BA6F5B020C94BCB00C21A36 /* BMO_RESTCoreData.framework */ = {
			isa = PBXReferenceProxy;
			fileType = wrapper.framework;
			path = BMO_RESTCoreData.framework;
			remoteRef = 7BA6F5AF20C94BCB00C21A36 /* PBXContainerItemProxy */;
			sourceTree = BUILT_PRODUCTS_DIR;
		};
		7BA6F5B220C94BCB00C21A36 /* BMO_RESTCoreData.framework */ = {
			isa = PBXReferenceProxy;
			fileType = wrapper.framework;
			path = BMO_RESTCoreData.framework;
			remoteRef = 7BA6F5B120C94BCB00C21A36 /* PBXContainerItemProxy */;
			sourceTree = BUILT_PRODUCTS_DIR;
		};
		7BA6F5B420C94BCB00C21A36 /* BMO_RESTCoreData.framework */ = {
			isa = PBXReferenceProxy;
			fileType = wrapper.framework;
			path = BMO_RESTCoreData.framework;
			remoteRef = 7BA6F5B320C94BCB00C21A36 /* PBXContainerItemProxy */;
			sourceTree = BUILT_PRODUCTS_DIR;
		};
		7BA6F5B620C94BCB00C21A36 /* BMO+RESTCoreData-macOSTests.xctest */ = {
			isa = PBXReferenceProxy;
			fileType = wrapper.cfbundle;
			path = "BMO+RESTCoreData-macOSTests.xctest";
			remoteRef = 7BA6F5B520C94BCB00C21A36 /* PBXContainerItemProxy */;
			sourceTree = BUILT_PRODUCTS_DIR;
		};
		7BA6F5B820C94BCB00C21A36 /* BMO+RESTCoreData-tvOSTests.xctest */ = {
			isa = PBXReferenceProxy;
			fileType = wrapper.cfbundle;
			path = "BMO+RESTCoreData-tvOSTests.xctest";
			remoteRef = 7BA6F5B720C94BCB00C21A36 /* PBXContainerItemProxy */;
			sourceTree = BUILT_PRODUCTS_DIR;
		};
		7BA6F5BA20C94BCB00C21A36 /* BMO+RESTCoreData-iOSTests.xctest */ = {
			isa = PBXReferenceProxy;
			fileType = wrapper.cfbundle;
			path = "BMO+RESTCoreData-iOSTests.xctest";
			remoteRef = 7BA6F5B920C94BCB00C21A36 /* PBXContainerItemProxy */;
			sourceTree = BUILT_PRODUCTS_DIR;
		};
		7BA6F5BC20C94BCB00C21A36 /* CollectionLoader_RESTCoreData.framework */ = {
			isa = PBXReferenceProxy;
			fileType = wrapper.framework;
			path = CollectionLoader_RESTCoreData.framework;
			remoteRef = 7BA6F5BB20C94BCB00C21A36 /* PBXContainerItemProxy */;
			sourceTree = BUILT_PRODUCTS_DIR;
		};
		7BA6F5BE20C94BCB00C21A36 /* CollectionLoader_RESTCoreData.framework */ = {
			isa = PBXReferenceProxy;
			fileType = wrapper.framework;
			path = CollectionLoader_RESTCoreData.framework;
			remoteRef = 7BA6F5BD20C94BCB00C21A36 /* PBXContainerItemProxy */;
			sourceTree = BUILT_PRODUCTS_DIR;
		};
		7BA6F5C020C94BCB00C21A36 /* CollectionLoader_RESTCoreData.framework */ = {
			isa = PBXReferenceProxy;
			fileType = wrapper.framework;
			path = CollectionLoader_RESTCoreData.framework;
			remoteRef = 7BA6F5BF20C94BCB00C21A36 /* PBXContainerItemProxy */;
			sourceTree = BUILT_PRODUCTS_DIR;
		};
		7BA6F5C220C94BCB00C21A36 /* CollectionLoader_RESTCoreData.framework */ = {
			isa = PBXReferenceProxy;
			fileType = wrapper.framework;
			path = CollectionLoader_RESTCoreData.framework;
			remoteRef = 7BA6F5C120C94BCB00C21A36 /* PBXContainerItemProxy */;
			sourceTree = BUILT_PRODUCTS_DIR;
		};
		7BA6F5C420C94BCB00C21A36 /* CollectionLoader+RESTCoreData-macOSTests.xctest */ = {
			isa = PBXReferenceProxy;
			fileType = wrapper.cfbundle;
			path = "CollectionLoader+RESTCoreData-macOSTests.xctest";
			remoteRef = 7BA6F5C320C94BCB00C21A36 /* PBXContainerItemProxy */;
			sourceTree = BUILT_PRODUCTS_DIR;
		};
		7BA6F5C620C94BCB00C21A36 /* CollectionLoader+RESTCoreData-tvOSTests.xctest */ = {
			isa = PBXReferenceProxy;
			fileType = wrapper.cfbundle;
			path = "CollectionLoader+RESTCoreData-tvOSTests.xctest";
			remoteRef = 7BA6F5C520C94BCB00C21A36 /* PBXContainerItemProxy */;
			sourceTree = BUILT_PRODUCTS_DIR;
		};
		7BA6F5C820C94BCB00C21A36 /* CollectionLoader+RESTCoreData-iOSTests.xctest */ = {
			isa = PBXReferenceProxy;
			fileType = wrapper.cfbundle;
			path = "CollectionLoader+RESTCoreData-iOSTests.xctest";
			remoteRef = 7BA6F5C720C94BCB00C21A36 /* PBXContainerItemProxy */;
			sourceTree = BUILT_PRODUCTS_DIR;
		};
		7BA6F61220C94CC500C21A36 /* RetryingOperation.framework */ = {
			isa = PBXReferenceProxy;
			fileType = wrapper.framework;
			path = RetryingOperation.framework;
			remoteRef = 7BA6F61120C94CC500C21A36 /* PBXContainerItemProxy */;
			sourceTree = BUILT_PRODUCTS_DIR;
		};
		7BA6F61420C94CC500C21A36 /* RetryingOperation.framework */ = {
			isa = PBXReferenceProxy;
			fileType = wrapper.framework;
			path = RetryingOperation.framework;
			remoteRef = 7BA6F61320C94CC500C21A36 /* PBXContainerItemProxy */;
			sourceTree = BUILT_PRODUCTS_DIR;
		};
		7BA6F61620C94CC500C21A36 /* RetryingOperation.framework */ = {
			isa = PBXReferenceProxy;
			fileType = wrapper.framework;
			path = RetryingOperation.framework;
			remoteRef = 7BA6F61520C94CC500C21A36 /* PBXContainerItemProxy */;
			sourceTree = BUILT_PRODUCTS_DIR;
		};
		7BA6F61820C94CC500C21A36 /* RetryingOperation.framework */ = {
			isa = PBXReferenceProxy;
			fileType = wrapper.framework;
			path = RetryingOperation.framework;
			remoteRef = 7BA6F61720C94CC500C21A36 /* PBXContainerItemProxy */;
			sourceTree = BUILT_PRODUCTS_DIR;
		};
		7BA6F61A20C94CC500C21A36 /* RetryingOperation-macOSTests.xctest */ = {
			isa = PBXReferenceProxy;
			fileType = wrapper.cfbundle;
			path = "RetryingOperation-macOSTests.xctest";
			remoteRef = 7BA6F61920C94CC500C21A36 /* PBXContainerItemProxy */;
			sourceTree = BUILT_PRODUCTS_DIR;
		};
		7BA6F61C20C94CC500C21A36 /* RetryingOperation-iOSTests.xctest */ = {
			isa = PBXReferenceProxy;
			fileType = wrapper.cfbundle;
			path = "RetryingOperation-iOSTests.xctest";
			remoteRef = 7BA6F61B20C94CC500C21A36 /* PBXContainerItemProxy */;
			sourceTree = BUILT_PRODUCTS_DIR;
		};
		7BA6F61E20C94CC500C21A36 /* RetryingOperation-tvOSTests.xctest */ = {
			isa = PBXReferenceProxy;
			fileType = wrapper.cfbundle;
			path = "RetryingOperation-tvOSTests.xctest";
			remoteRef = 7BA6F61D20C94CC500C21A36 /* PBXContainerItemProxy */;
			sourceTree = BUILT_PRODUCTS_DIR;
		};
		7BE7F22620C9A806006DED14 /* Alamofire.framework */ = {
			isa = PBXReferenceProxy;
			fileType = wrapper.framework;
			path = Alamofire.framework;
			remoteRef = 7BE7F22520C9A806006DED14 /* PBXContainerItemProxy */;
			sourceTree = BUILT_PRODUCTS_DIR;
		};
		7BE7F22820C9A806006DED14 /* Alamofire iOS Tests.xctest */ = {
			isa = PBXReferenceProxy;
			fileType = wrapper.cfbundle;
			path = "Alamofire iOS Tests.xctest";
			remoteRef = 7BE7F22720C9A806006DED14 /* PBXContainerItemProxy */;
			sourceTree = BUILT_PRODUCTS_DIR;
		};
		7BE7F22A20C9A806006DED14 /* Alamofire.framework */ = {
			isa = PBXReferenceProxy;
			fileType = wrapper.framework;
			path = Alamofire.framework;
			remoteRef = 7BE7F22920C9A806006DED14 /* PBXContainerItemProxy */;
			sourceTree = BUILT_PRODUCTS_DIR;
		};
		7BE7F22C20C9A806006DED14 /* Alamofire macOS Tests.xctest */ = {
			isa = PBXReferenceProxy;
			fileType = wrapper.cfbundle;
			path = "Alamofire macOS Tests.xctest";
			remoteRef = 7BE7F22B20C9A806006DED14 /* PBXContainerItemProxy */;
			sourceTree = BUILT_PRODUCTS_DIR;
		};
		7BE7F22E20C9A806006DED14 /* Alamofire.framework */ = {
			isa = PBXReferenceProxy;
			fileType = wrapper.framework;
			path = Alamofire.framework;
			remoteRef = 7BE7F22D20C9A806006DED14 /* PBXContainerItemProxy */;
			sourceTree = BUILT_PRODUCTS_DIR;
		};
		7BE7F23020C9A806006DED14 /* Alamofire tvOS Tests.xctest */ = {
			isa = PBXReferenceProxy;
			fileType = wrapper.cfbundle;
			path = "Alamofire tvOS Tests.xctest";
			remoteRef = 7BE7F22F20C9A806006DED14 /* PBXContainerItemProxy */;
			sourceTree = BUILT_PRODUCTS_DIR;
		};
		7BE7F23220C9A806006DED14 /* Alamofire.framework */ = {
			isa = PBXReferenceProxy;
			fileType = wrapper.framework;
			path = Alamofire.framework;
			remoteRef = 7BE7F23120C9A806006DED14 /* PBXContainerItemProxy */;
			sourceTree = BUILT_PRODUCTS_DIR;
		};
/* End PBXReferenceProxy section */

/* Begin PBXResourcesBuildPhase section */
		7BA7C12820C9479E00C210B5 /* Resources */ = {
			isa = PBXResourcesBuildPhase;
			buildActionMask = 2147483647;
			files = (
			);
			runOnlyForDeploymentPostprocessing = 0;
		};
		7BA7C13120C9479E00C210B5 /* Resources */ = {
			isa = PBXResourcesBuildPhase;
			buildActionMask = 2147483647;
			files = (
			);
			runOnlyForDeploymentPostprocessing = 0;
		};
		7BEFD1B720C9483B00FDA05F /* Resources */ = {
			isa = PBXResourcesBuildPhase;
			buildActionMask = 2147483647;
			files = (
			);
			runOnlyForDeploymentPostprocessing = 0;
		};
		7BEFD1BF20C9483B00FDA05F /* Resources */ = {
			isa = PBXResourcesBuildPhase;
			buildActionMask = 2147483647;
			files = (
			);
			runOnlyForDeploymentPostprocessing = 0;
		};
/* End PBXResourcesBuildPhase section */

/* Begin PBXSourcesBuildPhase section */
		7BA7C12520C9479E00C210B5 /* Sources */ = {
			isa = PBXSourcesBuildPhase;
			buildActionMask = 2147483647;
			files = (
				7BE7F21920C9A7C8006DED14 /* GitHubBMOOperation.swift in Sources */,
				7BA6F63520C96B7500C21A36 /* GitHubTransformers.swift in Sources */,
				7BA6F62220C94F2000C21A36 /* GitHub.xcdatamodeld in Sources */,
				7BEFD1D220C948A500FDA05F /* GitHubBMOBridge.swift in Sources */,
				7BA6F62520C95CC700C21A36 /* Color.swift in Sources */,
			);
			runOnlyForDeploymentPostprocessing = 0;
		};
		7BA7C12F20C9479E00C210B5 /* Sources */ = {
			isa = PBXSourcesBuildPhase;
			buildActionMask = 2147483647;
			files = (
				7BA7C13920C9479E00C210B5 /* GitHubBridgeTests.swift in Sources */,
			);
			runOnlyForDeploymentPostprocessing = 0;
		};
		7BEFD1B520C9483B00FDA05F /* Sources */ = {
			isa = PBXSourcesBuildPhase;
			buildActionMask = 2147483647;
			files = (
				7BE7F21820C9A7C8006DED14 /* GitHubBMOOperation.swift in Sources */,
				7BA6F63420C96B7500C21A36 /* GitHubTransformers.swift in Sources */,
				7BA6F62120C94F2000C21A36 /* GitHub.xcdatamodeld in Sources */,
				7BEFD1D120C948A500FDA05F /* GitHubBMOBridge.swift in Sources */,
				7BA6F62420C95CC700C21A36 /* Color.swift in Sources */,
			);
			runOnlyForDeploymentPostprocessing = 0;
		};
		7BEFD1BD20C9483B00FDA05F /* Sources */ = {
			isa = PBXSourcesBuildPhase;
			buildActionMask = 2147483647;
			files = (
				7B97399C20C9FFBE00ACF883 /* GitHubBridgeTests.swift in Sources */,
			);
			runOnlyForDeploymentPostprocessing = 0;
		};
/* End PBXSourcesBuildPhase section */

/* Begin PBXTargetDependency section */
		7BA7C13620C9479E00C210B5 /* PBXTargetDependency */ = {
			isa = PBXTargetDependency;
			target = 7BA7C12920C9479E00C210B5 /* GitHubBridge iOS */;
			targetProxy = 7BA7C13520C9479E00C210B5 /* PBXContainerItemProxy */;
		};
		7BEFD1C420C9483B00FDA05F /* PBXTargetDependency */ = {
			isa = PBXTargetDependency;
			target = 7BEFD1B820C9483B00FDA05F /* GitHubBridge macOS */;
			targetProxy = 7BEFD1C320C9483B00FDA05F /* PBXContainerItemProxy */;
		};
/* End PBXTargetDependency section */

/* Begin XCBuildConfiguration section */
		7BA7C13C20C9479E00C210B5 /* Debug */ = {
			isa = XCBuildConfiguration;
			buildSettings = {
				ALWAYS_SEARCH_USER_PATHS = NO;
				CLANG_ANALYZER_NONNULL = YES;
				CLANG_ANALYZER_NUMBER_OBJECT_CONVERSION = YES_AGGRESSIVE;
				CLANG_CXX_LANGUAGE_STANDARD = "gnu++14";
				CLANG_CXX_LIBRARY = "libc++";
				CLANG_ENABLE_MODULES = YES;
				CLANG_ENABLE_OBJC_ARC = YES;
				CLANG_ENABLE_OBJC_WEAK = YES;
				CLANG_WARN_BLOCK_CAPTURE_AUTORELEASING = YES;
				CLANG_WARN_BOOL_CONVERSION = YES;
				CLANG_WARN_COMMA = YES;
				CLANG_WARN_CONSTANT_CONVERSION = YES;
				CLANG_WARN_DEPRECATED_OBJC_IMPLEMENTATIONS = YES;
				CLANG_WARN_DIRECT_OBJC_ISA_USAGE = YES_ERROR;
				CLANG_WARN_DOCUMENTATION_COMMENTS = YES;
				CLANG_WARN_EMPTY_BODY = YES;
				CLANG_WARN_ENUM_CONVERSION = YES;
				CLANG_WARN_INFINITE_RECURSION = YES;
				CLANG_WARN_INT_CONVERSION = YES;
				CLANG_WARN_NON_LITERAL_NULL_CONVERSION = YES;
				CLANG_WARN_OBJC_IMPLICIT_RETAIN_SELF = YES;
				CLANG_WARN_OBJC_LITERAL_CONVERSION = YES;
				CLANG_WARN_OBJC_ROOT_CLASS = YES_ERROR;
				CLANG_WARN_RANGE_LOOP_ANALYSIS = YES;
				CLANG_WARN_STRICT_PROTOTYPES = YES;
				CLANG_WARN_SUSPICIOUS_MOVE = YES;
				CLANG_WARN_UNGUARDED_AVAILABILITY = YES_AGGRESSIVE;
				CLANG_WARN_UNREACHABLE_CODE = YES;
				CLANG_WARN__DUPLICATE_METHOD_MATCH = YES;
				COPY_PHASE_STRIP = NO;
				CURRENT_PROJECT_VERSION = 1;
				DEBUG_INFORMATION_FORMAT = dwarf;
				ENABLE_STRICT_OBJC_MSGSEND = YES;
				ENABLE_TESTABILITY = YES;
				GCC_C_LANGUAGE_STANDARD = gnu11;
				GCC_DYNAMIC_NO_PIC = NO;
				GCC_NO_COMMON_BLOCKS = YES;
				GCC_OPTIMIZATION_LEVEL = 0;
				GCC_PREPROCESSOR_DEFINITIONS = (
					"DEBUG=1",
					"$(inherited)",
				);
				GCC_WARN_64_TO_32_BIT_CONVERSION = YES;
				GCC_WARN_ABOUT_RETURN_TYPE = YES_ERROR;
				GCC_WARN_UNDECLARED_SELECTOR = YES;
				GCC_WARN_UNINITIALIZED_AUTOS = YES_AGGRESSIVE;
				GCC_WARN_UNUSED_FUNCTION = YES;
				GCC_WARN_UNUSED_VARIABLE = YES;
				IPHONEOS_DEPLOYMENT_TARGET = 11.4;
				MTL_ENABLE_DEBUG_INFO = YES;
				ONLY_ACTIVE_ARCH = YES;
				SWIFT_ACTIVE_COMPILATION_CONDITIONS = DEBUG;
				SWIFT_OPTIMIZATION_LEVEL = "-Onone";
				VERSIONING_SYSTEM = "apple-generic";
				VERSION_INFO_PREFIX = "";
			};
			name = Debug;
		};
		7BA7C13D20C9479E00C210B5 /* Release */ = {
			isa = XCBuildConfiguration;
			buildSettings = {
				ALWAYS_SEARCH_USER_PATHS = NO;
				CLANG_ANALYZER_NONNULL = YES;
				CLANG_ANALYZER_NUMBER_OBJECT_CONVERSION = YES_AGGRESSIVE;
				CLANG_CXX_LANGUAGE_STANDARD = "gnu++14";
				CLANG_CXX_LIBRARY = "libc++";
				CLANG_ENABLE_MODULES = YES;
				CLANG_ENABLE_OBJC_ARC = YES;
				CLANG_ENABLE_OBJC_WEAK = YES;
				CLANG_WARN_BLOCK_CAPTURE_AUTORELEASING = YES;
				CLANG_WARN_BOOL_CONVERSION = YES;
				CLANG_WARN_COMMA = YES;
				CLANG_WARN_CONSTANT_CONVERSION = YES;
				CLANG_WARN_DEPRECATED_OBJC_IMPLEMENTATIONS = YES;
				CLANG_WARN_DIRECT_OBJC_ISA_USAGE = YES_ERROR;
				CLANG_WARN_DOCUMENTATION_COMMENTS = YES;
				CLANG_WARN_EMPTY_BODY = YES;
				CLANG_WARN_ENUM_CONVERSION = YES;
				CLANG_WARN_INFINITE_RECURSION = YES;
				CLANG_WARN_INT_CONVERSION = YES;
				CLANG_WARN_NON_LITERAL_NULL_CONVERSION = YES;
				CLANG_WARN_OBJC_IMPLICIT_RETAIN_SELF = YES;
				CLANG_WARN_OBJC_LITERAL_CONVERSION = YES;
				CLANG_WARN_OBJC_ROOT_CLASS = YES_ERROR;
				CLANG_WARN_RANGE_LOOP_ANALYSIS = YES;
				CLANG_WARN_STRICT_PROTOTYPES = YES;
				CLANG_WARN_SUSPICIOUS_MOVE = YES;
				CLANG_WARN_UNGUARDED_AVAILABILITY = YES_AGGRESSIVE;
				CLANG_WARN_UNREACHABLE_CODE = YES;
				CLANG_WARN__DUPLICATE_METHOD_MATCH = YES;
				COPY_PHASE_STRIP = NO;
				CURRENT_PROJECT_VERSION = 1;
				DEBUG_INFORMATION_FORMAT = "dwarf-with-dsym";
				ENABLE_NS_ASSERTIONS = NO;
				ENABLE_STRICT_OBJC_MSGSEND = YES;
				GCC_C_LANGUAGE_STANDARD = gnu11;
				GCC_NO_COMMON_BLOCKS = YES;
				GCC_WARN_64_TO_32_BIT_CONVERSION = YES;
				GCC_WARN_ABOUT_RETURN_TYPE = YES_ERROR;
				GCC_WARN_UNDECLARED_SELECTOR = YES;
				GCC_WARN_UNINITIALIZED_AUTOS = YES_AGGRESSIVE;
				GCC_WARN_UNUSED_FUNCTION = YES;
				GCC_WARN_UNUSED_VARIABLE = YES;
				IPHONEOS_DEPLOYMENT_TARGET = 11.4;
				MTL_ENABLE_DEBUG_INFO = NO;
				SWIFT_COMPILATION_MODE = wholemodule;
				SWIFT_OPTIMIZATION_LEVEL = "-O";
				VALIDATE_PRODUCT = YES;
				VERSIONING_SYSTEM = "apple-generic";
				VERSION_INFO_PREFIX = "";
			};
			name = Release;
		};
		7BA7C13F20C9479E00C210B5 /* Debug */ = {
			isa = XCBuildConfiguration;
			buildSettings = {
				CLANG_ENABLE_MODULES = YES;
				CODE_SIGN_STYLE = Automatic;
				DEFINES_MODULE = YES;
				DYLIB_COMPATIBILITY_VERSION = 1;
				DYLIB_CURRENT_VERSION = 1;
				DYLIB_INSTALL_NAME_BASE = "@rpath";
				INFOPLIST_FILE = GitHubBridge/Info.plist;
				INSTALL_PATH = "$(LOCAL_LIBRARY_DIR)/Frameworks";
				LD_RUNPATH_SEARCH_PATHS = (
					"$(inherited)",
					"@executable_path/Frameworks",
					"@loader_path/Frameworks",
				);
				PRODUCT_BUNDLE_IDENTIFIER = com.happn.GitHubBridge;
				PRODUCT_NAME = GitHubBridge;
				SDKROOT = iphoneos;
				SKIP_INSTALL = YES;
				SWIFT_OPTIMIZATION_LEVEL = "-Onone";
				SWIFT_VERSION = 4.0;
				TARGETED_DEVICE_FAMILY = "1,2";
			};
			name = Debug;
		};
		7BA7C14020C9479E00C210B5 /* Release */ = {
			isa = XCBuildConfiguration;
			buildSettings = {
				CLANG_ENABLE_MODULES = YES;
				CODE_SIGN_STYLE = Automatic;
				DEFINES_MODULE = YES;
				DYLIB_COMPATIBILITY_VERSION = 1;
				DYLIB_CURRENT_VERSION = 1;
				DYLIB_INSTALL_NAME_BASE = "@rpath";
				INFOPLIST_FILE = GitHubBridge/Info.plist;
				INSTALL_PATH = "$(LOCAL_LIBRARY_DIR)/Frameworks";
				LD_RUNPATH_SEARCH_PATHS = (
					"$(inherited)",
					"@executable_path/Frameworks",
					"@loader_path/Frameworks",
				);
				PRODUCT_BUNDLE_IDENTIFIER = com.happn.GitHubBridge;
				PRODUCT_NAME = GitHubBridge;
				SDKROOT = iphoneos;
				SKIP_INSTALL = YES;
				SWIFT_VERSION = 4.0;
				TARGETED_DEVICE_FAMILY = "1,2";
			};
			name = Release;
		};
		7BA7C14220C9479E00C210B5 /* Debug */ = {
			isa = XCBuildConfiguration;
			buildSettings = {
				ALWAYS_EMBED_SWIFT_STANDARD_LIBRARIES = YES;
				CODE_SIGN_STYLE = Automatic;
				INFOPLIST_FILE = GitHubBridgeTests/Info.plist;
				LD_RUNPATH_SEARCH_PATHS = (
					"$(inherited)",
					"@executable_path/Frameworks",
					"@loader_path/Frameworks",
				);
				PRODUCT_BUNDLE_IDENTIFIER = com.happn.GitHubBridgeTests;
				PRODUCT_NAME = "$(TARGET_NAME)";
				SDKROOT = iphoneos;
				SWIFT_VERSION = 4.0;
				TARGETED_DEVICE_FAMILY = "1,2";
			};
			name = Debug;
		};
		7BA7C14320C9479E00C210B5 /* Release */ = {
			isa = XCBuildConfiguration;
			buildSettings = {
				ALWAYS_EMBED_SWIFT_STANDARD_LIBRARIES = YES;
				CODE_SIGN_STYLE = Automatic;
				INFOPLIST_FILE = GitHubBridgeTests/Info.plist;
				LD_RUNPATH_SEARCH_PATHS = (
					"$(inherited)",
					"@executable_path/Frameworks",
					"@loader_path/Frameworks",
				);
				PRODUCT_BUNDLE_IDENTIFIER = com.happn.GitHubBridgeTests;
				PRODUCT_NAME = "$(TARGET_NAME)";
				SDKROOT = iphoneos;
				SWIFT_VERSION = 4.0;
				TARGETED_DEVICE_FAMILY = "1,2";
			};
			name = Release;
		};
		7BEFD1CB20C9483B00FDA05F /* Debug */ = {
			isa = XCBuildConfiguration;
			buildSettings = {
				CLANG_ENABLE_MODULES = YES;
				CODE_SIGN_STYLE = Automatic;
				COMBINE_HIDPI_IMAGES = YES;
				DEFINES_MODULE = YES;
				DYLIB_COMPATIBILITY_VERSION = 1;
				DYLIB_CURRENT_VERSION = 1;
				DYLIB_INSTALL_NAME_BASE = "@rpath";
				FRAMEWORK_VERSION = A;
				INFOPLIST_FILE = GitHubBridge/Info.plist;
				INSTALL_PATH = "$(LOCAL_LIBRARY_DIR)/Frameworks";
				LD_RUNPATH_SEARCH_PATHS = (
					"$(inherited)",
					"@executable_path/../Frameworks",
					"@loader_path/Frameworks",
				);
				MACOSX_DEPLOYMENT_TARGET = 10.13;
				MTL_ENABLE_DEBUG_INFO = INCLUDE_SOURCE;
				PRODUCT_BUNDLE_IDENTIFIER = "com.happn.GitHubBridge-macOS";
				PRODUCT_NAME = GitHubBridge;
				SDKROOT = macosx;
				SKIP_INSTALL = YES;
				SWIFT_OPTIMIZATION_LEVEL = "-Onone";
				SWIFT_VERSION = 4.2;
			};
			name = Debug;
		};
		7BEFD1CC20C9483B00FDA05F /* Release */ = {
			isa = XCBuildConfiguration;
			buildSettings = {
				CLANG_ENABLE_MODULES = YES;
				CODE_SIGN_STYLE = Automatic;
				COMBINE_HIDPI_IMAGES = YES;
				DEFINES_MODULE = YES;
				DYLIB_COMPATIBILITY_VERSION = 1;
				DYLIB_CURRENT_VERSION = 1;
				DYLIB_INSTALL_NAME_BASE = "@rpath";
				FRAMEWORK_VERSION = A;
				INFOPLIST_FILE = GitHubBridge/Info.plist;
				INSTALL_PATH = "$(LOCAL_LIBRARY_DIR)/Frameworks";
				LD_RUNPATH_SEARCH_PATHS = (
					"$(inherited)",
					"@executable_path/../Frameworks",
					"@loader_path/Frameworks",
				);
				MACOSX_DEPLOYMENT_TARGET = 10.13;
				PRODUCT_BUNDLE_IDENTIFIER = "com.happn.GitHubBridge-macOS";
				PRODUCT_NAME = GitHubBridge;
				SDKROOT = macosx;
				SKIP_INSTALL = YES;
				SWIFT_VERSION = 4.2;
			};
			name = Release;
		};
		7BEFD1CE20C9483B00FDA05F /* Debug */ = {
			isa = XCBuildConfiguration;
			buildSettings = {
				ALWAYS_EMBED_SWIFT_STANDARD_LIBRARIES = YES;
				CODE_SIGN_STYLE = Automatic;
				COMBINE_HIDPI_IMAGES = YES;
				INFOPLIST_FILE = GitHubBridgeTests/Info.plist;
				LD_RUNPATH_SEARCH_PATHS = (
					"$(inherited)",
					"@executable_path/../Frameworks",
					"@loader_path/../Frameworks",
				);
				MACOSX_DEPLOYMENT_TARGET = 10.13;
				MTL_ENABLE_DEBUG_INFO = INCLUDE_SOURCE;
				PRODUCT_BUNDLE_IDENTIFIER = "com.happn.GitHubBridge-macOSTests";
				PRODUCT_NAME = "$(TARGET_NAME)";
				SDKROOT = macosx;
				SWIFT_VERSION = 4.2;
			};
			name = Debug;
		};
		7BEFD1CF20C9483B00FDA05F /* Release */ = {
			isa = XCBuildConfiguration;
			buildSettings = {
				ALWAYS_EMBED_SWIFT_STANDARD_LIBRARIES = YES;
				CODE_SIGN_STYLE = Automatic;
				COMBINE_HIDPI_IMAGES = YES;
				INFOPLIST_FILE = GitHubBridgeTests/Info.plist;
				LD_RUNPATH_SEARCH_PATHS = (
					"$(inherited)",
					"@executable_path/../Frameworks",
					"@loader_path/../Frameworks",
				);
				MACOSX_DEPLOYMENT_TARGET = 10.13;
				PRODUCT_BUNDLE_IDENTIFIER = "com.happn.GitHubBridge-macOSTests";
				PRODUCT_NAME = "$(TARGET_NAME)";
				SDKROOT = macosx;
				SWIFT_VERSION = 4.2;
			};
			name = Release;
		};
/* End XCBuildConfiguration section */

/* Begin XCConfigurationList section */
		7BA7C12420C9479E00C210B5 /* Build configuration list for PBXProject "GitHub Clients" */ = {
			isa = XCConfigurationList;
			buildConfigurations = (
				7BA7C13C20C9479E00C210B5 /* Debug */,
				7BA7C13D20C9479E00C210B5 /* Release */,
			);
			defaultConfigurationIsVisible = 0;
			defaultConfigurationName = Release;
		};
		7BA7C13E20C9479E00C210B5 /* Build configuration list for PBXNativeTarget "GitHubBridge iOS" */ = {
			isa = XCConfigurationList;
			buildConfigurations = (
				7BA7C13F20C9479E00C210B5 /* Debug */,
				7BA7C14020C9479E00C210B5 /* Release */,
			);
			defaultConfigurationIsVisible = 0;
			defaultConfigurationName = Release;
		};
		7BA7C14120C9479E00C210B5 /* Build configuration list for PBXNativeTarget "GitHubBridge iOSTests" */ = {
			isa = XCConfigurationList;
			buildConfigurations = (
				7BA7C14220C9479E00C210B5 /* Debug */,
				7BA7C14320C9479E00C210B5 /* Release */,
			);
			defaultConfigurationIsVisible = 0;
			defaultConfigurationName = Release;
		};
		7BEFD1CA20C9483B00FDA05F /* Build configuration list for PBXNativeTarget "GitHubBridge macOS" */ = {
			isa = XCConfigurationList;
			buildConfigurations = (
				7BEFD1CB20C9483B00FDA05F /* Debug */,
				7BEFD1CC20C9483B00FDA05F /* Release */,
			);
			defaultConfigurationIsVisible = 0;
			defaultConfigurationName = Release;
		};
		7BEFD1CD20C9483B00FDA05F /* Build configuration list for PBXNativeTarget "GitHubBridge macOSTests" */ = {
			isa = XCConfigurationList;
			buildConfigurations = (
				7BEFD1CE20C9483B00FDA05F /* Debug */,
				7BEFD1CF20C9483B00FDA05F /* Release */,
			);
			defaultConfigurationIsVisible = 0;
			defaultConfigurationName = Release;
		};
/* End XCConfigurationList section */

/* Begin XCVersionGroup section */
		7BA6F61F20C94F2000C21A36 /* GitHub.xcdatamodeld */ = {
			isa = XCVersionGroup;
			children = (
				7BA6F62020C94F2000C21A36 /* GitHub.xcdatamodel */,
			);
			currentVersion = 7BA6F62020C94F2000C21A36 /* GitHub.xcdatamodel */;
			path = GitHub.xcdatamodeld;
			sourceTree = "<group>";
			versionGroupType = wrapper.xcdatamodel;
		};
/* End XCVersionGroup section */
	};
	rootObject = 7BA7C12120C9479E00C210B5 /* Project object */;
}
