// !$*UTF8*$!
{
	archiveVersion = 1;
	classes = {
	};
	objectVersion = 52;
	objects = {

/* Begin PBXBuildFile section */
		7B01D6EE20F95D1500F0E967 /* ProjectsListViewController.swift in Sources */ = {isa = PBXBuildFile; fileRef = 7B01D6ED20F95D1500F0E967 /* ProjectsListViewController.swift */; };
		7B01D6F420FA393300F0E967 /* GitHubListViewController.swift in Sources */ = {isa = PBXBuildFile; fileRef = 7B01D6F320FA393300F0E967 /* GitHubListViewController.swift */; };
		7B04D0BA211F4FC5003BAD34 /* ProjectViewController.swift in Sources */ = {isa = PBXBuildFile; fileRef = 7B04D0B9211F4FC5003BAD34 /* ProjectViewController.swift */; };
		7B559AB52116EF34002C5E30 /* GistsListViewController.swift in Sources */ = {isa = PBXBuildFile; fileRef = 7B559AB42116EF34002C5E30 /* GistsListViewController.swift */; };
		7B59183520CB179800D4D9F5 /* AppDelegate.swift in Sources */ = {isa = PBXBuildFile; fileRef = 7B59183420CB179800D4D9F5 /* AppDelegate.swift */; };
		7B59183C20CB179800D4D9F5 /* Main.storyboard in Resources */ = {isa = PBXBuildFile; fileRef = 7B59183A20CB179800D4D9F5 /* Main.storyboard */; };
		7B59183E20CB179A00D4D9F5 /* Assets.xcassets in Resources */ = {isa = PBXBuildFile; fileRef = 7B59183D20CB179A00D4D9F5 /* Assets.xcassets */; };
		7B59184120CB179A00D4D9F5 /* LaunchScreen.storyboard in Resources */ = {isa = PBXBuildFile; fileRef = 7B59183F20CB179A00D4D9F5 /* LaunchScreen.storyboard */; };
		7B59188220CC6EEE00D4D9F5 /* UsersListViewController.swift in Sources */ = {isa = PBXBuildFile; fileRef = 7B59188120CC6EEE00D4D9F5 /* UsersListViewController.swift */; };
		7B59189420CDCF3900D4D9F5 /* UserViewController.swift in Sources */ = {isa = PBXBuildFile; fileRef = 7B59189320CDCF3900D4D9F5 /* UserViewController.swift */; };
		7B73115227DB933B003B6A38 /* RESTUtils in Frameworks */ = {isa = PBXBuildFile; productRef = 7B73115127DB933B003B6A38 /* RESTUtils */; };
		7B9AAFBD27DB8D72000CDC84 /* Alamofire in Frameworks */ = {isa = PBXBuildFile; productRef = 7B9AAFBC27DB8D72000CDC84 /* Alamofire */; };
		7B9AAFBF27DB8D7E000CDC84 /* Jake in Frameworks */ = {isa = PBXBuildFile; productRef = 7B9AAFBE27DB8D7E000CDC84 /* Jake */; };
		7B9AAFC127DB8D86000CDC84 /* CollectionAndTableViewUpdateConveniences in Frameworks */ = {isa = PBXBuildFile; productRef = 7B9AAFC027DB8D86000CDC84 /* CollectionAndTableViewUpdateConveniences */; };
		7B9AAFC327DB8D8B000CDC84 /* CollectionLoader in Frameworks */ = {isa = PBXBuildFile; productRef = 7B9AAFC227DB8D8B000CDC84 /* CollectionLoader */; };
		7B9AAFC527DB8D96000CDC84 /* KVObserver in Frameworks */ = {isa = PBXBuildFile; productRef = 7B9AAFC427DB8D96000CDC84 /* KVObserver */; };
		7B9AAFC927DB8DA1000CDC84 /* RetryingOperation in Frameworks */ = {isa = PBXBuildFile; productRef = 7B9AAFC827DB8DA1000CDC84 /* RetryingOperation */; };
		7B9AAFCE27DB8F90000CDC84 /* GitHubBridge in Frameworks */ = {isa = PBXBuildFile; productRef = 7B9AAFCD27DB8F90000CDC84 /* GitHubBridge */; };
		7BA81C2F2129B52000F8B2E9 /* Utilities.swift in Sources */ = {isa = PBXBuildFile; fileRef = 7BA81C2E2129B52000F8B2E9 /* Utilities.swift */; };
		7BA81C312129D29200F8B2E9 /* IssuesListViewController.swift in Sources */ = {isa = PBXBuildFile; fileRef = 7BA81C302129D29200F8B2E9 /* IssuesListViewController.swift */; };
		7BA81C332129DAFD00F8B2E9 /* IssueViewController.swift in Sources */ = {isa = PBXBuildFile; fileRef = 7BA81C322129DAFD00F8B2E9 /* IssueViewController.swift */; };
		7BA81C352129F05000F8B2E9 /* GistViewController.swift in Sources */ = {isa = PBXBuildFile; fileRef = 7BA81C342129F05000F8B2E9 /* GistViewController.swift */; };
		7BA81C372129F48600F8B2E9 /* GistFileViewController.swift in Sources */ = {isa = PBXBuildFile; fileRef = 7BA81C362129F48600F8B2E9 /* GistFileViewController.swift */; };
/* End PBXBuildFile section */

/* Begin PBXCopyFilesBuildPhase section */
		7BB35CCD2115B324005E96EF /* Embed Frameworks */ = {
			isa = PBXCopyFilesBuildPhase;
			buildActionMask = 2147483647;
			dstPath = "";
			dstSubfolderSpec = 10;
			files = (
			);
			name = "Embed Frameworks";
			runOnlyForDeploymentPostprocessing = 0;
		};
/* End PBXCopyFilesBuildPhase section */

/* Begin PBXFileReference section */
		7B01D6ED20F95D1500F0E967 /* ProjectsListViewController.swift */ = {isa = PBXFileReference; lastKnownFileType = sourcecode.swift; path = ProjectsListViewController.swift; sourceTree = "<group>"; };
		7B01D6F320FA393300F0E967 /* GitHubListViewController.swift */ = {isa = PBXFileReference; lastKnownFileType = sourcecode.swift; path = GitHubListViewController.swift; sourceTree = "<group>"; };
		7B04D0B9211F4FC5003BAD34 /* ProjectViewController.swift */ = {isa = PBXFileReference; lastKnownFileType = sourcecode.swift; path = ProjectViewController.swift; sourceTree = "<group>"; };
		7B559AB42116EF34002C5E30 /* GistsListViewController.swift */ = {isa = PBXFileReference; lastKnownFileType = sourcecode.swift; path = GistsListViewController.swift; sourceTree = "<group>"; };
		7B59183220CB179800D4D9F5 /* GitHub iOS.app */ = {isa = PBXFileReference; explicitFileType = wrapper.application; includeInIndex = 0; path = "GitHub iOS.app"; sourceTree = BUILT_PRODUCTS_DIR; };
		7B59183420CB179800D4D9F5 /* AppDelegate.swift */ = {isa = PBXFileReference; lastKnownFileType = sourcecode.swift; path = AppDelegate.swift; sourceTree = "<group>"; };
		7B59183B20CB179800D4D9F5 /* Base */ = {isa = PBXFileReference; lastKnownFileType = file.storyboard; name = Base; path = Base.lproj/Main.storyboard; sourceTree = "<group>"; };
		7B59183D20CB179A00D4D9F5 /* Assets.xcassets */ = {isa = PBXFileReference; lastKnownFileType = folder.assetcatalog; path = Assets.xcassets; sourceTree = "<group>"; };
		7B59184020CB179A00D4D9F5 /* Base */ = {isa = PBXFileReference; lastKnownFileType = file.storyboard; name = Base; path = Base.lproj/LaunchScreen.storyboard; sourceTree = "<group>"; };
		7B59184220CB179A00D4D9F5 /* Info.plist */ = {isa = PBXFileReference; lastKnownFileType = text.plist.xml; path = Info.plist; sourceTree = "<group>"; };
		7B59188120CC6EEE00D4D9F5 /* UsersListViewController.swift */ = {isa = PBXFileReference; lastKnownFileType = sourcecode.swift; path = UsersListViewController.swift; sourceTree = "<group>"; };
		7B59189320CDCF3900D4D9F5 /* UserViewController.swift */ = {isa = PBXFileReference; lastKnownFileType = sourcecode.swift; path = UserViewController.swift; sourceTree = "<group>"; };
		7B9AAFCC27DB8F21000CDC84 /* GitHubBridge */ = {isa = PBXFileReference; lastKnownFileType = wrapper; path = GitHubBridge; sourceTree = "<group>"; };
		7BA2A33021318074001DD10F /* License.txt */ = {isa = PBXFileReference; lastKnownFileType = text; path = License.txt; sourceTree = "<group>"; };
		7BA81C2E2129B52000F8B2E9 /* Utilities.swift */ = {isa = PBXFileReference; lastKnownFileType = sourcecode.swift; path = Utilities.swift; sourceTree = "<group>"; };
		7BA81C302129D29200F8B2E9 /* IssuesListViewController.swift */ = {isa = PBXFileReference; lastKnownFileType = sourcecode.swift; path = IssuesListViewController.swift; sourceTree = "<group>"; };
		7BA81C322129DAFD00F8B2E9 /* IssueViewController.swift */ = {isa = PBXFileReference; lastKnownFileType = sourcecode.swift; path = IssueViewController.swift; sourceTree = "<group>"; };
		7BA81C342129F05000F8B2E9 /* GistViewController.swift */ = {isa = PBXFileReference; lastKnownFileType = sourcecode.swift; path = GistViewController.swift; sourceTree = "<group>"; };
		7BA81C362129F48600F8B2E9 /* GistFileViewController.swift */ = {isa = PBXFileReference; lastKnownFileType = sourcecode.swift; path = GistFileViewController.swift; sourceTree = "<group>"; };
/* End PBXFileReference section */

/* Begin PBXFrameworksBuildPhase section */
		7B59182F20CB179800D4D9F5 /* Frameworks */ = {
			isa = PBXFrameworksBuildPhase;
			buildActionMask = 2147483647;
			files = (
				7B9AAFBD27DB8D72000CDC84 /* Alamofire in Frameworks */,
				7B9AAFC127DB8D86000CDC84 /* CollectionAndTableViewUpdateConveniences in Frameworks */,
				7B9AAFC327DB8D8B000CDC84 /* CollectionLoader in Frameworks */,
				7B9AAFCE27DB8F90000CDC84 /* GitHubBridge in Frameworks */,
				7B9AAFBF27DB8D7E000CDC84 /* Jake in Frameworks */,
				7B9AAFC527DB8D96000CDC84 /* KVObserver in Frameworks */,
				7B73115227DB933B003B6A38 /* RESTUtils in Frameworks */,
				7B9AAFC927DB8DA1000CDC84 /* RetryingOperation in Frameworks */,
			);
			runOnlyForDeploymentPostprocessing = 0;
		};
/* End PBXFrameworksBuildPhase section */

/* Begin PBXGroup section */
		7B59183320CB179800D4D9F5 /* GitHub iOS */ = {
			isa = PBXGroup;
			children = (
				7BA81C2E2129B52000F8B2E9 /* Utilities.swift */,
				7B59183420CB179800D4D9F5 /* AppDelegate.swift */,
				7B59189320CDCF3900D4D9F5 /* UserViewController.swift */,
				7B04D0B9211F4FC5003BAD34 /* ProjectViewController.swift */,
				7BA81C322129DAFD00F8B2E9 /* IssueViewController.swift */,
				7BA81C342129F05000F8B2E9 /* GistViewController.swift */,
				7BA81C362129F48600F8B2E9 /* GistFileViewController.swift */,
				7B01D6F320FA393300F0E967 /* GitHubListViewController.swift */,
				7B59188120CC6EEE00D4D9F5 /* UsersListViewController.swift */,
				7B01D6ED20F95D1500F0E967 /* ProjectsListViewController.swift */,
				7B559AB42116EF34002C5E30 /* GistsListViewController.swift */,
				7BA81C302129D29200F8B2E9 /* IssuesListViewController.swift */,
				7B59183A20CB179800D4D9F5 /* Main.storyboard */,
				7B59183D20CB179A00D4D9F5 /* Assets.xcassets */,
				7B59183F20CB179A00D4D9F5 /* LaunchScreen.storyboard */,
				7B59184220CB179A00D4D9F5 /* Info.plist */,
			);
			path = "GitHub iOS";
			sourceTree = "<group>";
		};
		7B9AAFCB27DB8F03000CDC84 /* Modules */ = {
			isa = PBXGroup;
			children = (
				7B9AAFCC27DB8F21000CDC84 /* GitHubBridge */,
			);
			path = Modules;
			sourceTree = "<group>";
		};
		7BA6F5C920C94BDC00C21A36 /* Frameworks */ = {
			isa = PBXGroup;
			children = (
			);
			name = Frameworks;
			sourceTree = "<group>";
		};
		7BA7C12020C9479E00C210B5 = {
			isa = PBXGroup;
			children = (
				7BA2A33021318074001DD10F /* License.txt */,
				7B59183320CB179800D4D9F5 /* GitHub iOS */,
				7B9AAFCB27DB8F03000CDC84 /* Modules */,
				7BA6F5C920C94BDC00C21A36 /* Frameworks */,
				7BA7C12B20C9479E00C210B5 /* Products */,
			);
			indentWidth = 3;
			sourceTree = "<group>";
			tabWidth = 3;
			usesTabs = 1;
		};
		7BA7C12B20C9479E00C210B5 /* Products */ = {
			isa = PBXGroup;
			children = (
				7B59183220CB179800D4D9F5 /* GitHub iOS.app */,
			);
			name = Products;
			sourceTree = "<group>";
		};
/* End PBXGroup section */

/* Begin PBXNativeTarget section */
		7B59183120CB179800D4D9F5 /* GitHub iOS */ = {
			isa = PBXNativeTarget;
			buildConfigurationList = 7B59188020CB179A00D4D9F5 /* Build configuration list for PBXNativeTarget "GitHub iOS" */;
			buildPhases = (
				7B59182E20CB179800D4D9F5 /* Sources */,
				7B59182F20CB179800D4D9F5 /* Frameworks */,
				7B59183020CB179800D4D9F5 /* Resources */,
				7BB35CCD2115B324005E96EF /* Embed Frameworks */,
			);
			buildRules = (
			);
			dependencies = (
			);
			name = "GitHub iOS";
			packageProductDependencies = (
				7B9AAFBC27DB8D72000CDC84 /* Alamofire */,
				7B9AAFC027DB8D86000CDC84 /* CollectionAndTableViewUpdateConveniences */,
				7B9AAFC227DB8D8B000CDC84 /* CollectionLoader */,
				7B9AAFCD27DB8F90000CDC84 /* GitHubBridge */,
				7B9AAFBE27DB8D7E000CDC84 /* Jake */,
				7B9AAFC427DB8D96000CDC84 /* KVObserver */,
				7B73115127DB933B003B6A38 /* RESTUtils */,
				7B9AAFC827DB8DA1000CDC84 /* RetryingOperation */,
			);
			productName = "GitHub iOS";
			productReference = 7B59183220CB179800D4D9F5 /* GitHub iOS.app */;
			productType = "com.apple.product-type.application";
		};
/* End PBXNativeTarget section */

/* Begin PBXProject section */
		7BA7C12120C9479E00C210B5 /* Project object */ = {
			isa = PBXProject;
			attributes = {
				LastSwiftUpdateCheck = 0940;
				LastUpgradeCheck = 1330;
				ORGANIZATIONNAME = happn;
				TargetAttributes = {
					7B59183120CB179800D4D9F5 = {
						CreatedOnToolsVersion = 9.4;
						LastSwiftMigration = 1000;
					};
				};
			};
			buildConfigurationList = 7BA7C12420C9479E00C210B5 /* Build configuration list for PBXProject "GitHub Clients" */;
			compatibilityVersion = "Xcode 9.3";
			developmentRegion = en;
			hasScannedForEncodings = 0;
			knownRegions = (
				en,
				Base,
			);
			mainGroup = 7BA7C12020C9479E00C210B5;
			packageReferences = (
				7B9AAFB927DB8D29000CDC84 /* XCRemoteSwiftPackageReference "Alamofire" */,
				7B9AAFBA27DB8D40000CDC84 /* XCRemoteSwiftPackageReference "BMO" */,
				7B9AAFB827DB8D0E000CDC84 /* XCRemoteSwiftPackageReference "CollectionAndTableViewUpdateConveniences" */,
				7B9AAFBB27DB8D5A000CDC84 /* XCRemoteSwiftPackageReference "CollectionLoader" */,
				7B9AAFB627DB8C0E000CDC84 /* XCRemoteSwiftPackageReference "KVObserver" */,
				7B9AAFB727DB8CEC000CDC84 /* XCRemoteSwiftPackageReference "RetryingOperation" */,
			);
			productRefGroup = 7BA7C12B20C9479E00C210B5 /* Products */;
			projectDirPath = "";
			projectRoot = "";
			targets = (
				7B59183120CB179800D4D9F5 /* GitHub iOS */,
			);
		};
/* End PBXProject section */

/* Begin PBXResourcesBuildPhase section */
		7B59183020CB179800D4D9F5 /* Resources */ = {
			isa = PBXResourcesBuildPhase;
			buildActionMask = 2147483647;
			files = (
				7B59183E20CB179A00D4D9F5 /* Assets.xcassets in Resources */,
				7B59184120CB179A00D4D9F5 /* LaunchScreen.storyboard in Resources */,
				7B59183C20CB179800D4D9F5 /* Main.storyboard in Resources */,
			);
			runOnlyForDeploymentPostprocessing = 0;
		};
/* End PBXResourcesBuildPhase section */

/* Begin PBXSourcesBuildPhase section */
		7B59182E20CB179800D4D9F5 /* Sources */ = {
			isa = PBXSourcesBuildPhase;
			buildActionMask = 2147483647;
			files = (
				7B59183520CB179800D4D9F5 /* AppDelegate.swift in Sources */,
				7BA81C372129F48600F8B2E9 /* GistFileViewController.swift in Sources */,
				7B559AB52116EF34002C5E30 /* GistsListViewController.swift in Sources */,
				7BA81C352129F05000F8B2E9 /* GistViewController.swift in Sources */,
				7B01D6F420FA393300F0E967 /* GitHubListViewController.swift in Sources */,
				7BA81C312129D29200F8B2E9 /* IssuesListViewController.swift in Sources */,
				7BA81C332129DAFD00F8B2E9 /* IssueViewController.swift in Sources */,
				7B01D6EE20F95D1500F0E967 /* ProjectsListViewController.swift in Sources */,
				7B04D0BA211F4FC5003BAD34 /* ProjectViewController.swift in Sources */,
				7B59188220CC6EEE00D4D9F5 /* UsersListViewController.swift in Sources */,
				7B59189420CDCF3900D4D9F5 /* UserViewController.swift in Sources */,
				7BA81C2F2129B52000F8B2E9 /* Utilities.swift in Sources */,
			);
			runOnlyForDeploymentPostprocessing = 0;
		};
/* End PBXSourcesBuildPhase section */

/* Begin PBXVariantGroup section */
		7B59183A20CB179800D4D9F5 /* Main.storyboard */ = {
			isa = PBXVariantGroup;
			children = (
				7B59183B20CB179800D4D9F5 /* Base */,
			);
			name = Main.storyboard;
			sourceTree = "<group>";
		};
		7B59183F20CB179A00D4D9F5 /* LaunchScreen.storyboard */ = {
			isa = PBXVariantGroup;
			children = (
				7B59184020CB179A00D4D9F5 /* Base */,
			);
			name = LaunchScreen.storyboard;
			sourceTree = "<group>";
		};
/* End PBXVariantGroup section */

/* Begin XCBuildConfiguration section */
		7B59184320CB179A00D4D9F5 /* Debug */ = {
			isa = XCBuildConfiguration;
			buildSettings = {
				ASSETCATALOG_COMPILER_APPICON_NAME = AppIcon;
				CODE_SIGN_IDENTITY = "iPhone Developer";
				CODE_SIGN_STYLE = Automatic;
				INFOPLIST_FILE = "GitHub iOS/Info.plist";
				LD_RUNPATH_SEARCH_PATHS = (
					"$(inherited)",
					"@executable_path/Frameworks",
				);
				PRODUCT_BUNDLE_IDENTIFIER = "com.happn.GitHub-iOS";
				PRODUCT_NAME = "$(TARGET_NAME)";
				SDKROOT = iphoneos;
				SWIFT_VERSION = 4.2;
				TARGETED_DEVICE_FAMILY = "1,2";
			};
			name = Debug;
		};
		7B59184420CB179A00D4D9F5 /* Release */ = {
			isa = XCBuildConfiguration;
			buildSettings = {
				ASSETCATALOG_COMPILER_APPICON_NAME = AppIcon;
				CODE_SIGN_IDENTITY = "iPhone Developer";
				CODE_SIGN_STYLE = Automatic;
				INFOPLIST_FILE = "GitHub iOS/Info.plist";
				LD_RUNPATH_SEARCH_PATHS = (
					"$(inherited)",
					"@executable_path/Frameworks",
				);
				PRODUCT_BUNDLE_IDENTIFIER = "com.happn.GitHub-iOS";
				PRODUCT_NAME = "$(TARGET_NAME)";
				SDKROOT = iphoneos;
				SWIFT_VERSION = 4.2;
				TARGETED_DEVICE_FAMILY = "1,2";
			};
			name = Release;
		};
		7BA7C13C20C9479E00C210B5 /* Debug */ = {
			isa = XCBuildConfiguration;
			buildSettings = {
				ALWAYS_SEARCH_USER_PATHS = NO;
				CLANG_ANALYZER_NONNULL = YES;
				CLANG_ANALYZER_NUMBER_OBJECT_CONVERSION = YES_AGGRESSIVE;
				CLANG_CXX_LANGUAGE_STANDARD = "gnu++14";
				CLANG_CXX_LIBRARY = "libc++";
				CLANG_ENABLE_MODULES = YES;
				CLANG_ENABLE_OBJC_ARC = YES;
				CLANG_ENABLE_OBJC_WEAK = YES;
				CLANG_WARN_BLOCK_CAPTURE_AUTORELEASING = YES;
				CLANG_WARN_BOOL_CONVERSION = YES;
				CLANG_WARN_COMMA = YES;
				CLANG_WARN_CONSTANT_CONVERSION = YES;
				CLANG_WARN_DEPRECATED_OBJC_IMPLEMENTATIONS = YES;
				CLANG_WARN_DIRECT_OBJC_ISA_USAGE = YES_ERROR;
				CLANG_WARN_DOCUMENTATION_COMMENTS = YES;
				CLANG_WARN_EMPTY_BODY = YES;
				CLANG_WARN_ENUM_CONVERSION = YES;
				CLANG_WARN_INFINITE_RECURSION = YES;
				CLANG_WARN_INT_CONVERSION = YES;
				CLANG_WARN_NON_LITERAL_NULL_CONVERSION = YES;
				CLANG_WARN_OBJC_IMPLICIT_RETAIN_SELF = YES;
				CLANG_WARN_OBJC_LITERAL_CONVERSION = YES;
				CLANG_WARN_OBJC_ROOT_CLASS = YES_ERROR;
				CLANG_WARN_QUOTED_INCLUDE_IN_FRAMEWORK_HEADER = YES;
				CLANG_WARN_RANGE_LOOP_ANALYSIS = YES;
				CLANG_WARN_STRICT_PROTOTYPES = YES;
				CLANG_WARN_SUSPICIOUS_MOVE = YES;
				CLANG_WARN_UNGUARDED_AVAILABILITY = YES_AGGRESSIVE;
				CLANG_WARN_UNREACHABLE_CODE = YES;
				CLANG_WARN__DUPLICATE_METHOD_MATCH = YES;
				COPY_PHASE_STRIP = NO;
				CURRENT_PROJECT_VERSION = 1;
				DEBUG_INFORMATION_FORMAT = dwarf;
				ENABLE_STRICT_OBJC_MSGSEND = YES;
				ENABLE_TESTABILITY = YES;
				GCC_C_LANGUAGE_STANDARD = gnu11;
				GCC_DYNAMIC_NO_PIC = NO;
				GCC_NO_COMMON_BLOCKS = YES;
				GCC_OPTIMIZATION_LEVEL = 0;
				GCC_PREPROCESSOR_DEFINITIONS = (
					"DEBUG=1",
					"$(inherited)",
				);
				GCC_WARN_64_TO_32_BIT_CONVERSION = YES;
				GCC_WARN_ABOUT_RETURN_TYPE = YES_ERROR;
				GCC_WARN_UNDECLARED_SELECTOR = YES;
				GCC_WARN_UNINITIALIZED_AUTOS = YES_AGGRESSIVE;
				GCC_WARN_UNUSED_FUNCTION = YES;
				GCC_WARN_UNUSED_VARIABLE = YES;
				IPHONEOS_DEPLOYMENT_TARGET = 12.0;
				MTL_ENABLE_DEBUG_INFO = YES;
				ONLY_ACTIVE_ARCH = YES;
				SWIFT_ACTIVE_COMPILATION_CONDITIONS = DEBUG;
				SWIFT_OPTIMIZATION_LEVEL = "-Onone";
				VERSIONING_SYSTEM = "apple-generic";
				VERSION_INFO_PREFIX = "";
			};
			name = Debug;
		};
		7BA7C13D20C9479E00C210B5 /* Release */ = {
			isa = XCBuildConfiguration;
			buildSettings = {
				ALWAYS_SEARCH_USER_PATHS = NO;
				CLANG_ANALYZER_NONNULL = YES;
				CLANG_ANALYZER_NUMBER_OBJECT_CONVERSION = YES_AGGRESSIVE;
				CLANG_CXX_LANGUAGE_STANDARD = "gnu++14";
				CLANG_CXX_LIBRARY = "libc++";
				CLANG_ENABLE_MODULES = YES;
				CLANG_ENABLE_OBJC_ARC = YES;
				CLANG_ENABLE_OBJC_WEAK = YES;
				CLANG_WARN_BLOCK_CAPTURE_AUTORELEASING = YES;
				CLANG_WARN_BOOL_CONVERSION = YES;
				CLANG_WARN_COMMA = YES;
				CLANG_WARN_CONSTANT_CONVERSION = YES;
				CLANG_WARN_DEPRECATED_OBJC_IMPLEMENTATIONS = YES;
				CLANG_WARN_DIRECT_OBJC_ISA_USAGE = YES_ERROR;
				CLANG_WARN_DOCUMENTATION_COMMENTS = YES;
				CLANG_WARN_EMPTY_BODY = YES;
				CLANG_WARN_ENUM_CONVERSION = YES;
				CLANG_WARN_INFINITE_RECURSION = YES;
				CLANG_WARN_INT_CONVERSION = YES;
				CLANG_WARN_NON_LITERAL_NULL_CONVERSION = YES;
				CLANG_WARN_OBJC_IMPLICIT_RETAIN_SELF = YES;
				CLANG_WARN_OBJC_LITERAL_CONVERSION = YES;
				CLANG_WARN_OBJC_ROOT_CLASS = YES_ERROR;
				CLANG_WARN_QUOTED_INCLUDE_IN_FRAMEWORK_HEADER = YES;
				CLANG_WARN_RANGE_LOOP_ANALYSIS = YES;
				CLANG_WARN_STRICT_PROTOTYPES = YES;
				CLANG_WARN_SUSPICIOUS_MOVE = YES;
				CLANG_WARN_UNGUARDED_AVAILABILITY = YES_AGGRESSIVE;
				CLANG_WARN_UNREACHABLE_CODE = YES;
				CLANG_WARN__DUPLICATE_METHOD_MATCH = YES;
				COPY_PHASE_STRIP = NO;
				CURRENT_PROJECT_VERSION = 1;
				DEBUG_INFORMATION_FORMAT = "dwarf-with-dsym";
				ENABLE_NS_ASSERTIONS = NO;
				ENABLE_STRICT_OBJC_MSGSEND = YES;
				GCC_C_LANGUAGE_STANDARD = gnu11;
				GCC_NO_COMMON_BLOCKS = YES;
				GCC_WARN_64_TO_32_BIT_CONVERSION = YES;
				GCC_WARN_ABOUT_RETURN_TYPE = YES_ERROR;
				GCC_WARN_UNDECLARED_SELECTOR = YES;
				GCC_WARN_UNINITIALIZED_AUTOS = YES_AGGRESSIVE;
				GCC_WARN_UNUSED_FUNCTION = YES;
				GCC_WARN_UNUSED_VARIABLE = YES;
				IPHONEOS_DEPLOYMENT_TARGET = 12.0;
				MTL_ENABLE_DEBUG_INFO = NO;
				SWIFT_COMPILATION_MODE = wholemodule;
				SWIFT_OPTIMIZATION_LEVEL = "-O";
				VALIDATE_PRODUCT = YES;
				VERSIONING_SYSTEM = "apple-generic";
				VERSION_INFO_PREFIX = "";
			};
			name = Release;
		};
/* End XCBuildConfiguration section */

/* Begin XCConfigurationList section */
		7B59188020CB179A00D4D9F5 /* Build configuration list for PBXNativeTarget "GitHub iOS" */ = {
			isa = XCConfigurationList;
			buildConfigurations = (
				7B59184320CB179A00D4D9F5 /* Debug */,
				7B59184420CB179A00D4D9F5 /* Release */,
			);
			defaultConfigurationIsVisible = 0;
			defaultConfigurationName = Release;
		};
		7BA7C12420C9479E00C210B5 /* Build configuration list for PBXProject "GitHub Clients" */ = {
			isa = XCConfigurationList;
			buildConfigurations = (
				7BA7C13C20C9479E00C210B5 /* Debug */,
				7BA7C13D20C9479E00C210B5 /* Release */,
			);
			defaultConfigurationIsVisible = 0;
			defaultConfigurationName = Release;
		};
/* End XCConfigurationList section */

/* Begin XCRemoteSwiftPackageReference section */
		7B9AAFB627DB8C0E000CDC84 /* XCRemoteSwiftPackageReference "KVObserver" */ = {
			isa = XCRemoteSwiftPackageReference;
			repositoryURL = "https://github.com/happn-app/KVObserver.git";
			requirement = {
				kind = upToNextMajorVersion;
				minimumVersion = 0.9.3;
			};
		};
		7B9AAFB727DB8CEC000CDC84 /* XCRemoteSwiftPackageReference "RetryingOperation" */ = {
			isa = XCRemoteSwiftPackageReference;
			repositoryURL = "https://github.com/happn-app/RetryingOperation.git";
			requirement = {
				kind = upToNextMajorVersion;
				minimumVersion = 1.0.0;
			};
		};
		7B9AAFB827DB8D0E000CDC84 /* XCRemoteSwiftPackageReference "CollectionAndTableViewUpdateConveniences" */ = {
			isa = XCRemoteSwiftPackageReference;
			repositoryURL = "https://github.com/happn-app/CollectionAndTableViewUpdateConveniences";
			requirement = {
				kind = upToNextMajorVersion;
				minimumVersion = 1.0.0;
			};
		};
		7B9AAFB927DB8D29000CDC84 /* XCRemoteSwiftPackageReference "Alamofire" */ = {
			isa = XCRemoteSwiftPackageReference;
			repositoryURL = "https://github.com/Alamofire/Alamofire.git";
			requirement = {
				kind = upToNextMajorVersion;
				minimumVersion = 4.7.0;
			};
		};
		7B9AAFBA27DB8D40000CDC84 /* XCRemoteSwiftPackageReference "BMO" */ = {
			isa = XCRemoteSwiftPackageReference;
			repositoryURL = "https://github.com/happn-app/BMO.git";
			requirement = {
				branch = dev.paginator_enhancements;
				kind = branch;
			};
		};
		7B9AAFBB27DB8D5A000CDC84 /* XCRemoteSwiftPackageReference "CollectionLoader" */ = {
			isa = XCRemoteSwiftPackageReference;
			repositoryURL = "https://github.com/happn-app/CollectionLoader.git";
			requirement = {
				kind = upToNextMajorVersion;
				minimumVersion = 0.9.3;
			};
		};
/* End XCRemoteSwiftPackageReference section */

/* Begin XCSwiftPackageProductDependency section */
		7B73115127DB933B003B6A38 /* RESTUtils */ = {
			isa = XCSwiftPackageProductDependency;
			package = 7B9AAFBA27DB8D40000CDC84 /* XCRemoteSwiftPackageReference "BMO" */;
			productName = RESTUtils;
		};
		7B9AAFBC27DB8D72000CDC84 /* Alamofire */ = {
			isa = XCSwiftPackageProductDependency;
			package = 7B9AAFB927DB8D29000CDC84 /* XCRemoteSwiftPackageReference "Alamofire" */;
			productName = Alamofire;
		};
		7B9AAFBE27DB8D7E000CDC84 /* Jake */ = {
			isa = XCSwiftPackageProductDependency;
			package = 7B9AAFBA27DB8D40000CDC84 /* XCRemoteSwiftPackageReference "BMO" */;
			productName = Jake;
		};
		7B9AAFC027DB8D86000CDC84 /* CollectionAndTableViewUpdateConveniences */ = {
			isa = XCSwiftPackageProductDependency;
			package = 7B9AAFB827DB8D0E000CDC84 /* XCRemoteSwiftPackageReference "CollectionAndTableViewUpdateConveniences" */;
			productName = CollectionAndTableViewUpdateConveniences;
		};
		7B9AAFC227DB8D8B000CDC84 /* CollectionLoader */ = {
			isa = XCSwiftPackageProductDependency;
			package = 7B9AAFBB27DB8D5A000CDC84 /* XCRemoteSwiftPackageReference "CollectionLoader" */;
			productName = CollectionLoader;
		};
		7B9AAFC427DB8D96000CDC84 /* KVObserver */ = {
			isa = XCSwiftPackageProductDependency;
			package = 7B9AAFB627DB8C0E000CDC84 /* XCRemoteSwiftPackageReference "KVObserver" */;
			productName = KVObserver;
		};
		7B9AAFC827DB8DA1000CDC84 /* RetryingOperation */ = {
			isa = XCSwiftPackageProductDependency;
			package = 7B9AAFB727DB8CEC000CDC84 /* XCRemoteSwiftPackageReference "RetryingOperation" */;
			productName = RetryingOperation;
		};
		7B9AAFCD27DB8F90000CDC84 /* GitHubBridge */ = {
			isa = XCSwiftPackageProductDependency;
			productName = GitHubBridge;
		};
/* End XCSwiftPackageProductDependency section */
	};
	rootObject = 7BA7C12120C9479E00C210B5 /* Project object */;
}
